
Microsoft Visual Studio Solution File, Format Version 12.00
# Visual Studio 15
VisualStudioVersion = 15.0.28010.2026
MinimumVisualStudioVersion = 10.0.40219.1
Project("{FAE04EC0-301F-11D3-BF4B-00C04F79EFBC}") = "DataArt.Atlas.AlphaService", "DataArt.Atlas.AlphaService\DataArt.Atlas.AlphaService.csproj", "{C3034F57-B9BB-44B9-824B-F67642D130FD}"
EndProject
Project("{2150E333-8FDC-42A3-9474-1A3956D46DE8}") = "Atlas", "Atlas", "{58767117-288E-485F-B5CA-C49CAD36616F}"
EndProject
Project("{9A19103F-16F7-4668-BE54-9A1E7A4F7556}") = "DataArt.Atlas.Infrastructure", "..\..\core\DataArt.Atlas.Infrastructure\DataArt.Atlas.Infrastructure.csproj", "{3DFA0A1D-90C2-4425-A68F-C81126E86D95}"
EndProject
Project("{2150E333-8FDC-42A3-9474-1A3956D46DE8}") = "Hosting", "Hosting", "{61640390-9898-4567-9E77-E0C79174F7DF}"
EndProject
Project("{2150E333-8FDC-42A3-9474-1A3956D46DE8}") = "Configuration", "Configuration", "{75047B98-C471-42EE-805D-B32D2AEA9DF0}"
EndProject
Project("{9A19103F-16F7-4668-BE54-9A1E7A4F7556}") = "DataArt.Atlas.Configuration", "..\..\core\Configuration\DataArt.Atlas.Configuration\DataArt.Atlas.Configuration.csproj", "{ED06940B-FB0A-4C07-BD1F-D2C9D7FA2E40}"
EndProject
Project("{9A19103F-16F7-4668-BE54-9A1E7A4F7556}") = "DataArt.Atlas.Configuration.File", "..\..\core\Configuration\DataArt.Atlas.Configuration.File\DataArt.Atlas.Configuration.File.csproj", "{1D989EA4-4F20-46E5-B73A-88D3D07C1029}"
EndProject
Project("{9A19103F-16F7-4668-BE54-9A1E7A4F7556}") = "DataArt.Atlas.Hosting", "..\..\core\Hosting\DataArt.Atlas.Hosting\DataArt.Atlas.Hosting.csproj", "{51B1DAB4-F219-4E8A-A28F-9EED7075545E}"
EndProject
Project("{9A19103F-16F7-4668-BE54-9A1E7A4F7556}") = "DataArt.Atlas.Hosting.Console", "..\..\core\Hosting\DataArt.Atlas.Hosting.Console\DataArt.Atlas.Hosting.Console.csproj", "{D70EFE3F-CF68-4D56-A16E-061C6E3A8487}"
EndProject
Project("{9A19103F-16F7-4668-BE54-9A1E7A4F7556}") = "DataArt.Atlas.WebCommunication", "..\..\core\DataArt.Atlas.WebCommunication\DataArt.Atlas.WebCommunication.csproj", "{7AE07585-C2B9-435B-8355-EA069AFDDEB1}"
EndProject
Project("{2150E333-8FDC-42A3-9474-1A3956D46DE8}") = "Discovery", "Discovery", "{506F7BB8-DBD2-435E-BD06-5D83DC1C4223}"
EndProject
Project("{9A19103F-16F7-4668-BE54-9A1E7A4F7556}") = "DataArt.Atlas.ServiceDiscovery", "..\..\core\Discovery\DataArt.Atlas.ServiceDiscovery\DataArt.Atlas.ServiceDiscovery.csproj", "{304D625F-9FFA-4757-B8D1-C747DE567461}"
EndProject
Project("{FAE04EC0-301F-11D3-BF4B-00C04F79EFBC}") = "DataArt.Atlas.DiscoveryService", "DataArt.Atlas.DiscoveryService\DataArt.Atlas.DiscoveryService.csproj", "{47CC24F8-1CDA-4E3C-AD53-9550FE170742}"
EndProject
Project("{FAE04EC0-301F-11D3-BF4B-00C04F79EFBC}") = "DataArt.Atlas.Common", "DataArt.Atlas.Common\DataArt.Atlas.Common.csproj", "{22DF22EA-CA11-4B6D-9997-3093F6827593}"
EndProject
Project("{FAE04EC0-301F-11D3-BF4B-00C04F79EFBC}") = "DataArt.Atlas.BetaService", "DataArt.Atlas.BetaService\DataArt.Atlas.BetaService.csproj", "{98000E55-14E7-416B-ADA8-2C3B472FEC91}"
EndProject
Project("{2150E333-8FDC-42A3-9474-1A3956D46DE8}") = "Messaging", "Messaging", "{482E0034-1C13-4325-83E7-4C22F2B516C3}"
EndProject
Project("{9A19103F-16F7-4668-BE54-9A1E7A4F7556}") = "DataArt.Atlas.Messaging", "..\..\core\Messaging\DataArt.Atlas.Messaging\DataArt.Atlas.Messaging.csproj", "{FE32FAAF-8E25-47A9-8A7D-CF34BAF424FB}"
EndProject
Project("{9A19103F-16F7-4668-BE54-9A1E7A4F7556}") = "DataArt.Atlas.Messaging.MassTransit", "..\..\core\Messaging\DataArt.Atlas.Messaging.MassTransit\DataArt.Atlas.Messaging.MassTransit.csproj", "{C1278F4B-64A1-4F5B-9C26-E116C15C7AB4}"
EndProject
Project("{9A19103F-16F7-4668-BE54-9A1E7A4F7556}") = "DataArt.Atlas.Messaging.RabbitMQ", "..\..\core\Messaging\DataArt.Atlas.Messaging.RabbitMQ\DataArt.Atlas.Messaging.RabbitMQ.csproj", "{D78A76F4-55B2-4146-B1A6-2D84CB7ED7F1}"
EndProject
Project("{9A19103F-16F7-4668-BE54-9A1E7A4F7556}") = "DataArt.Atlas.CallContext", "..\..\core\DataArt.Atlas.CallContext\DataArt.Atlas.CallContext.csproj", "{C9FD3598-2DE6-486F-8163-4FBFF5317922}"
EndProject
Project("{2150E333-8FDC-42A3-9474-1A3956D46DE8}") = "Logging", "Logging", "{C8DD3304-0BF9-4909-9593-2A17A20ED0CF}"
EndProject
Project("{9A19103F-16F7-4668-BE54-9A1E7A4F7556}") = "DataArt.Atlas.Logging", "..\..\core\Logging\DataArt.Atlas.Logging\DataArt.Atlas.Logging.csproj", "{A28A2FA2-BBAB-4DDF-A935-A10E10D7AD74}"
EndProject
Project("{FAE04EC0-301F-11D3-BF4B-00C04F79EFBC}") = "DataArt.Atlas.Tests", "DataArt.Atlas.Tests\DataArt.Atlas.Tests.csproj", "{807D6FFC-3EBB-44C5-916C-9EE897C4213D}"
EndProject
Project("{9A19103F-16F7-4668-BE54-9A1E7A4F7556}") = "DataArt.Atlas.Core", "..\..\core\DataArt.Atlas.Core\DataArt.Atlas.Core.csproj", "{A54F63EB-C75F-4687-869E-9F4D017E2E9B}"
EndProject
Global
	GlobalSection(SolutionConfigurationPlatforms) = preSolution
		Debug|Any CPU = Debug|Any CPU
		Debug|x64 = Debug|x64
		Debug|x86 = Debug|x86
		Release|Any CPU = Release|Any CPU
		Release|x64 = Release|x64
		Release|x86 = Release|x86
	EndGlobalSection
	GlobalSection(ProjectConfigurationPlatforms) = postSolution
		{C3034F57-B9BB-44B9-824B-F67642D130FD}.Debug|Any CPU.ActiveCfg = Debug|Any CPU
		{C3034F57-B9BB-44B9-824B-F67642D130FD}.Debug|Any CPU.Build.0 = Debug|Any CPU
		{C3034F57-B9BB-44B9-824B-F67642D130FD}.Debug|x64.ActiveCfg = Debug|x64
		{C3034F57-B9BB-44B9-824B-F67642D130FD}.Debug|x64.Build.0 = Debug|x64
		{C3034F57-B9BB-44B9-824B-F67642D130FD}.Debug|x86.ActiveCfg = Debug|x86
		{C3034F57-B9BB-44B9-824B-F67642D130FD}.Debug|x86.Build.0 = Debug|x86
		{C3034F57-B9BB-44B9-824B-F67642D130FD}.Release|Any CPU.ActiveCfg = Release|Any CPU
		{C3034F57-B9BB-44B9-824B-F67642D130FD}.Release|Any CPU.Build.0 = Release|Any CPU
		{C3034F57-B9BB-44B9-824B-F67642D130FD}.Release|x64.ActiveCfg = Release|x64
		{C3034F57-B9BB-44B9-824B-F67642D130FD}.Release|x64.Build.0 = Release|x64
		{C3034F57-B9BB-44B9-824B-F67642D130FD}.Release|x86.ActiveCfg = Release|x86
		{C3034F57-B9BB-44B9-824B-F67642D130FD}.Release|x86.Build.0 = Release|x86
		{3DFA0A1D-90C2-4425-A68F-C81126E86D95}.Debug|Any CPU.ActiveCfg = Debug|Any CPU
		{3DFA0A1D-90C2-4425-A68F-C81126E86D95}.Debug|Any CPU.Build.0 = Debug|Any CPU
		{3DFA0A1D-90C2-4425-A68F-C81126E86D95}.Debug|x64.ActiveCfg = Debug|Any CPU
		{3DFA0A1D-90C2-4425-A68F-C81126E86D95}.Debug|x64.Build.0 = Debug|Any CPU
		{3DFA0A1D-90C2-4425-A68F-C81126E86D95}.Debug|x86.ActiveCfg = Debug|Any CPU
		{3DFA0A1D-90C2-4425-A68F-C81126E86D95}.Debug|x86.Build.0 = Debug|Any CPU
		{3DFA0A1D-90C2-4425-A68F-C81126E86D95}.Release|Any CPU.ActiveCfg = Release|Any CPU
		{3DFA0A1D-90C2-4425-A68F-C81126E86D95}.Release|Any CPU.Build.0 = Release|Any CPU
		{3DFA0A1D-90C2-4425-A68F-C81126E86D95}.Release|x64.ActiveCfg = Release|Any CPU
		{3DFA0A1D-90C2-4425-A68F-C81126E86D95}.Release|x64.Build.0 = Release|Any CPU
		{3DFA0A1D-90C2-4425-A68F-C81126E86D95}.Release|x86.ActiveCfg = Release|Any CPU
		{3DFA0A1D-90C2-4425-A68F-C81126E86D95}.Release|x86.Build.0 = Release|Any CPU
		{ED06940B-FB0A-4C07-BD1F-D2C9D7FA2E40}.Debug|Any CPU.ActiveCfg = Debug|Any CPU
		{ED06940B-FB0A-4C07-BD1F-D2C9D7FA2E40}.Debug|Any CPU.Build.0 = Debug|Any CPU
		{ED06940B-FB0A-4C07-BD1F-D2C9D7FA2E40}.Debug|x64.ActiveCfg = Debug|Any CPU
		{ED06940B-FB0A-4C07-BD1F-D2C9D7FA2E40}.Debug|x64.Build.0 = Debug|Any CPU
		{ED06940B-FB0A-4C07-BD1F-D2C9D7FA2E40}.Debug|x86.ActiveCfg = Debug|Any CPU
		{ED06940B-FB0A-4C07-BD1F-D2C9D7FA2E40}.Debug|x86.Build.0 = Debug|Any CPU
		{ED06940B-FB0A-4C07-BD1F-D2C9D7FA2E40}.Release|Any CPU.ActiveCfg = Release|Any CPU
		{ED06940B-FB0A-4C07-BD1F-D2C9D7FA2E40}.Release|Any CPU.Build.0 = Release|Any CPU
		{ED06940B-FB0A-4C07-BD1F-D2C9D7FA2E40}.Release|x64.ActiveCfg = Release|Any CPU
		{ED06940B-FB0A-4C07-BD1F-D2C9D7FA2E40}.Release|x64.Build.0 = Release|Any CPU
		{ED06940B-FB0A-4C07-BD1F-D2C9D7FA2E40}.Release|x86.ActiveCfg = Release|Any CPU
		{ED06940B-FB0A-4C07-BD1F-D2C9D7FA2E40}.Release|x86.Build.0 = Release|Any CPU
		{1D989EA4-4F20-46E5-B73A-88D3D07C1029}.Debug|Any CPU.ActiveCfg = Debug|Any CPU
		{1D989EA4-4F20-46E5-B73A-88D3D07C1029}.Debug|Any CPU.Build.0 = Debug|Any CPU
		{1D989EA4-4F20-46E5-B73A-88D3D07C1029}.Debug|x64.ActiveCfg = Debug|Any CPU
		{1D989EA4-4F20-46E5-B73A-88D3D07C1029}.Debug|x64.Build.0 = Debug|Any CPU
		{1D989EA4-4F20-46E5-B73A-88D3D07C1029}.Debug|x86.ActiveCfg = Debug|Any CPU
		{1D989EA4-4F20-46E5-B73A-88D3D07C1029}.Debug|x86.Build.0 = Debug|Any CPU
		{1D989EA4-4F20-46E5-B73A-88D3D07C1029}.Release|Any CPU.ActiveCfg = Release|Any CPU
		{1D989EA4-4F20-46E5-B73A-88D3D07C1029}.Release|Any CPU.Build.0 = Release|Any CPU
		{1D989EA4-4F20-46E5-B73A-88D3D07C1029}.Release|x64.ActiveCfg = Release|Any CPU
		{1D989EA4-4F20-46E5-B73A-88D3D07C1029}.Release|x64.Build.0 = Release|Any CPU
		{1D989EA4-4F20-46E5-B73A-88D3D07C1029}.Release|x86.ActiveCfg = Release|Any CPU
		{1D989EA4-4F20-46E5-B73A-88D3D07C1029}.Release|x86.Build.0 = Release|Any CPU
		{51B1DAB4-F219-4E8A-A28F-9EED7075545E}.Debug|Any CPU.ActiveCfg = Debug|Any CPU
		{51B1DAB4-F219-4E8A-A28F-9EED7075545E}.Debug|Any CPU.Build.0 = Debug|Any CPU
		{51B1DAB4-F219-4E8A-A28F-9EED7075545E}.Debug|x64.ActiveCfg = Debug|Any CPU
		{51B1DAB4-F219-4E8A-A28F-9EED7075545E}.Debug|x64.Build.0 = Debug|Any CPU
		{51B1DAB4-F219-4E8A-A28F-9EED7075545E}.Debug|x86.ActiveCfg = Debug|Any CPU
		{51B1DAB4-F219-4E8A-A28F-9EED7075545E}.Debug|x86.Build.0 = Debug|Any CPU
		{51B1DAB4-F219-4E8A-A28F-9EED7075545E}.Release|Any CPU.ActiveCfg = Release|Any CPU
		{51B1DAB4-F219-4E8A-A28F-9EED7075545E}.Release|Any CPU.Build.0 = Release|Any CPU
		{51B1DAB4-F219-4E8A-A28F-9EED7075545E}.Release|x64.ActiveCfg = Release|Any CPU
		{51B1DAB4-F219-4E8A-A28F-9EED7075545E}.Release|x64.Build.0 = Release|Any CPU
		{51B1DAB4-F219-4E8A-A28F-9EED7075545E}.Release|x86.ActiveCfg = Release|Any CPU
		{51B1DAB4-F219-4E8A-A28F-9EED7075545E}.Release|x86.Build.0 = Release|Any CPU
		{D70EFE3F-CF68-4D56-A16E-061C6E3A8487}.Debug|Any CPU.ActiveCfg = Debug|Any CPU
		{D70EFE3F-CF68-4D56-A16E-061C6E3A8487}.Debug|Any CPU.Build.0 = Debug|Any CPU
		{D70EFE3F-CF68-4D56-A16E-061C6E3A8487}.Debug|x64.ActiveCfg = Debug|Any CPU
		{D70EFE3F-CF68-4D56-A16E-061C6E3A8487}.Debug|x64.Build.0 = Debug|Any CPU
		{D70EFE3F-CF68-4D56-A16E-061C6E3A8487}.Debug|x86.ActiveCfg = Debug|Any CPU
		{D70EFE3F-CF68-4D56-A16E-061C6E3A8487}.Debug|x86.Build.0 = Debug|Any CPU
		{D70EFE3F-CF68-4D56-A16E-061C6E3A8487}.Release|Any CPU.ActiveCfg = Release|Any CPU
		{D70EFE3F-CF68-4D56-A16E-061C6E3A8487}.Release|Any CPU.Build.0 = Release|Any CPU
		{D70EFE3F-CF68-4D56-A16E-061C6E3A8487}.Release|x64.ActiveCfg = Release|Any CPU
		{D70EFE3F-CF68-4D56-A16E-061C6E3A8487}.Release|x64.Build.0 = Release|Any CPU
		{D70EFE3F-CF68-4D56-A16E-061C6E3A8487}.Release|x86.ActiveCfg = Release|Any CPU
		{D70EFE3F-CF68-4D56-A16E-061C6E3A8487}.Release|x86.Build.0 = Release|Any CPU
		{7AE07585-C2B9-435B-8355-EA069AFDDEB1}.Debug|Any CPU.ActiveCfg = Debug|Any CPU
		{7AE07585-C2B9-435B-8355-EA069AFDDEB1}.Debug|Any CPU.Build.0 = Debug|Any CPU
		{7AE07585-C2B9-435B-8355-EA069AFDDEB1}.Debug|x64.ActiveCfg = Debug|Any CPU
		{7AE07585-C2B9-435B-8355-EA069AFDDEB1}.Debug|x64.Build.0 = Debug|Any CPU
		{7AE07585-C2B9-435B-8355-EA069AFDDEB1}.Debug|x86.ActiveCfg = Debug|Any CPU
		{7AE07585-C2B9-435B-8355-EA069AFDDEB1}.Debug|x86.Build.0 = Debug|Any CPU
		{7AE07585-C2B9-435B-8355-EA069AFDDEB1}.Release|Any CPU.ActiveCfg = Release|Any CPU
		{7AE07585-C2B9-435B-8355-EA069AFDDEB1}.Release|Any CPU.Build.0 = Release|Any CPU
		{7AE07585-C2B9-435B-8355-EA069AFDDEB1}.Release|x64.ActiveCfg = Release|Any CPU
		{7AE07585-C2B9-435B-8355-EA069AFDDEB1}.Release|x64.Build.0 = Release|Any CPU
		{7AE07585-C2B9-435B-8355-EA069AFDDEB1}.Release|x86.ActiveCfg = Release|Any CPU
		{7AE07585-C2B9-435B-8355-EA069AFDDEB1}.Release|x86.Build.0 = Release|Any CPU
		{304D625F-9FFA-4757-B8D1-C747DE567461}.Debug|Any CPU.ActiveCfg = Debug|Any CPU
		{304D625F-9FFA-4757-B8D1-C747DE567461}.Debug|Any CPU.Build.0 = Debug|Any CPU
		{304D625F-9FFA-4757-B8D1-C747DE567461}.Debug|x64.ActiveCfg = Debug|Any CPU
		{304D625F-9FFA-4757-B8D1-C747DE567461}.Debug|x64.Build.0 = Debug|Any CPU
		{304D625F-9FFA-4757-B8D1-C747DE567461}.Debug|x86.ActiveCfg = Debug|Any CPU
		{304D625F-9FFA-4757-B8D1-C747DE567461}.Debug|x86.Build.0 = Debug|Any CPU
		{304D625F-9FFA-4757-B8D1-C747DE567461}.Release|Any CPU.ActiveCfg = Release|Any CPU
		{304D625F-9FFA-4757-B8D1-C747DE567461}.Release|Any CPU.Build.0 = Release|Any CPU
		{304D625F-9FFA-4757-B8D1-C747DE567461}.Release|x64.ActiveCfg = Release|Any CPU
		{304D625F-9FFA-4757-B8D1-C747DE567461}.Release|x64.Build.0 = Release|Any CPU
		{304D625F-9FFA-4757-B8D1-C747DE567461}.Release|x86.ActiveCfg = Release|Any CPU
		{304D625F-9FFA-4757-B8D1-C747DE567461}.Release|x86.Build.0 = Release|Any CPU
		{47CC24F8-1CDA-4E3C-AD53-9550FE170742}.Debug|Any CPU.ActiveCfg = Debug|Any CPU
		{47CC24F8-1CDA-4E3C-AD53-9550FE170742}.Debug|Any CPU.Build.0 = Debug|Any CPU
		{47CC24F8-1CDA-4E3C-AD53-9550FE170742}.Debug|x64.ActiveCfg = Debug|x64
		{47CC24F8-1CDA-4E3C-AD53-9550FE170742}.Debug|x64.Build.0 = Debug|x64
		{47CC24F8-1CDA-4E3C-AD53-9550FE170742}.Debug|x86.ActiveCfg = Debug|x86
		{47CC24F8-1CDA-4E3C-AD53-9550FE170742}.Debug|x86.Build.0 = Debug|x86
		{47CC24F8-1CDA-4E3C-AD53-9550FE170742}.Release|Any CPU.ActiveCfg = Release|Any CPU
		{47CC24F8-1CDA-4E3C-AD53-9550FE170742}.Release|Any CPU.Build.0 = Release|Any CPU
		{47CC24F8-1CDA-4E3C-AD53-9550FE170742}.Release|x64.ActiveCfg = Release|x64
		{47CC24F8-1CDA-4E3C-AD53-9550FE170742}.Release|x64.Build.0 = Release|x64
		{47CC24F8-1CDA-4E3C-AD53-9550FE170742}.Release|x86.ActiveCfg = Release|x86
		{47CC24F8-1CDA-4E3C-AD53-9550FE170742}.Release|x86.Build.0 = Release|x86
		{22DF22EA-CA11-4B6D-9997-3093F6827593}.Debug|Any CPU.ActiveCfg = Debug|Any CPU
		{22DF22EA-CA11-4B6D-9997-3093F6827593}.Debug|Any CPU.Build.0 = Debug|Any CPU
		{22DF22EA-CA11-4B6D-9997-3093F6827593}.Debug|x64.ActiveCfg = Debug|x64
		{22DF22EA-CA11-4B6D-9997-3093F6827593}.Debug|x64.Build.0 = Debug|x64
		{22DF22EA-CA11-4B6D-9997-3093F6827593}.Debug|x86.ActiveCfg = Debug|x86
		{22DF22EA-CA11-4B6D-9997-3093F6827593}.Debug|x86.Build.0 = Debug|x86
		{22DF22EA-CA11-4B6D-9997-3093F6827593}.Release|Any CPU.ActiveCfg = Release|Any CPU
		{22DF22EA-CA11-4B6D-9997-3093F6827593}.Release|Any CPU.Build.0 = Release|Any CPU
		{22DF22EA-CA11-4B6D-9997-3093F6827593}.Release|x64.ActiveCfg = Release|x64
		{22DF22EA-CA11-4B6D-9997-3093F6827593}.Release|x64.Build.0 = Release|x64
		{22DF22EA-CA11-4B6D-9997-3093F6827593}.Release|x86.ActiveCfg = Release|x86
		{22DF22EA-CA11-4B6D-9997-3093F6827593}.Release|x86.Build.0 = Release|x86
		{98000E55-14E7-416B-ADA8-2C3B472FEC91}.Debug|Any CPU.ActiveCfg = Debug|Any CPU
		{98000E55-14E7-416B-ADA8-2C3B472FEC91}.Debug|Any CPU.Build.0 = Debug|Any CPU
		{98000E55-14E7-416B-ADA8-2C3B472FEC91}.Debug|x64.ActiveCfg = Debug|x64
		{98000E55-14E7-416B-ADA8-2C3B472FEC91}.Debug|x64.Build.0 = Debug|x64
		{98000E55-14E7-416B-ADA8-2C3B472FEC91}.Debug|x86.ActiveCfg = Debug|x86
		{98000E55-14E7-416B-ADA8-2C3B472FEC91}.Debug|x86.Build.0 = Debug|x86
		{98000E55-14E7-416B-ADA8-2C3B472FEC91}.Release|Any CPU.ActiveCfg = Release|Any CPU
		{98000E55-14E7-416B-ADA8-2C3B472FEC91}.Release|Any CPU.Build.0 = Release|Any CPU
		{98000E55-14E7-416B-ADA8-2C3B472FEC91}.Release|x64.ActiveCfg = Release|x64
		{98000E55-14E7-416B-ADA8-2C3B472FEC91}.Release|x64.Build.0 = Release|x64
		{98000E55-14E7-416B-ADA8-2C3B472FEC91}.Release|x86.ActiveCfg = Release|x86
		{98000E55-14E7-416B-ADA8-2C3B472FEC91}.Release|x86.Build.0 = Release|x86
		{FE32FAAF-8E25-47A9-8A7D-CF34BAF424FB}.Debug|Any CPU.ActiveCfg = Debug|Any CPU
		{FE32FAAF-8E25-47A9-8A7D-CF34BAF424FB}.Debug|Any CPU.Build.0 = Debug|Any CPU
		{FE32FAAF-8E25-47A9-8A7D-CF34BAF424FB}.Debug|x64.ActiveCfg = Debug|Any CPU
		{FE32FAAF-8E25-47A9-8A7D-CF34BAF424FB}.Debug|x64.Build.0 = Debug|Any CPU
		{FE32FAAF-8E25-47A9-8A7D-CF34BAF424FB}.Debug|x86.ActiveCfg = Debug|Any CPU
		{FE32FAAF-8E25-47A9-8A7D-CF34BAF424FB}.Debug|x86.Build.0 = Debug|Any CPU
		{FE32FAAF-8E25-47A9-8A7D-CF34BAF424FB}.Release|Any CPU.ActiveCfg = Release|Any CPU
		{FE32FAAF-8E25-47A9-8A7D-CF34BAF424FB}.Release|Any CPU.Build.0 = Release|Any CPU
		{FE32FAAF-8E25-47A9-8A7D-CF34BAF424FB}.Release|x64.ActiveCfg = Release|Any CPU
		{FE32FAAF-8E25-47A9-8A7D-CF34BAF424FB}.Release|x64.Build.0 = Release|Any CPU
		{FE32FAAF-8E25-47A9-8A7D-CF34BAF424FB}.Release|x86.ActiveCfg = Release|Any CPU
		{FE32FAAF-8E25-47A9-8A7D-CF34BAF424FB}.Release|x86.Build.0 = Release|Any CPU
		{C1278F4B-64A1-4F5B-9C26-E116C15C7AB4}.Debug|Any CPU.ActiveCfg = Debug|Any CPU
		{C1278F4B-64A1-4F5B-9C26-E116C15C7AB4}.Debug|Any CPU.Build.0 = Debug|Any CPU
		{C1278F4B-64A1-4F5B-9C26-E116C15C7AB4}.Debug|x64.ActiveCfg = Debug|Any CPU
		{C1278F4B-64A1-4F5B-9C26-E116C15C7AB4}.Debug|x64.Build.0 = Debug|Any CPU
		{C1278F4B-64A1-4F5B-9C26-E116C15C7AB4}.Debug|x86.ActiveCfg = Debug|Any CPU
		{C1278F4B-64A1-4F5B-9C26-E116C15C7AB4}.Debug|x86.Build.0 = Debug|Any CPU
		{C1278F4B-64A1-4F5B-9C26-E116C15C7AB4}.Release|Any CPU.ActiveCfg = Release|Any CPU
		{C1278F4B-64A1-4F5B-9C26-E116C15C7AB4}.Release|Any CPU.Build.0 = Release|Any CPU
		{C1278F4B-64A1-4F5B-9C26-E116C15C7AB4}.Release|x64.ActiveCfg = Release|Any CPU
		{C1278F4B-64A1-4F5B-9C26-E116C15C7AB4}.Release|x64.Build.0 = Release|Any CPU
		{C1278F4B-64A1-4F5B-9C26-E116C15C7AB4}.Release|x86.ActiveCfg = Release|Any CPU
		{C1278F4B-64A1-4F5B-9C26-E116C15C7AB4}.Release|x86.Build.0 = Release|Any CPU
		{D78A76F4-55B2-4146-B1A6-2D84CB7ED7F1}.Debug|Any CPU.ActiveCfg = Debug|Any CPU
		{D78A76F4-55B2-4146-B1A6-2D84CB7ED7F1}.Debug|Any CPU.Build.0 = Debug|Any CPU
		{D78A76F4-55B2-4146-B1A6-2D84CB7ED7F1}.Debug|x64.ActiveCfg = Debug|Any CPU
		{D78A76F4-55B2-4146-B1A6-2D84CB7ED7F1}.Debug|x64.Build.0 = Debug|Any CPU
		{D78A76F4-55B2-4146-B1A6-2D84CB7ED7F1}.Debug|x86.ActiveCfg = Debug|Any CPU
		{D78A76F4-55B2-4146-B1A6-2D84CB7ED7F1}.Debug|x86.Build.0 = Debug|Any CPU
		{D78A76F4-55B2-4146-B1A6-2D84CB7ED7F1}.Release|Any CPU.ActiveCfg = Release|Any CPU
		{D78A76F4-55B2-4146-B1A6-2D84CB7ED7F1}.Release|Any CPU.Build.0 = Release|Any CPU
		{D78A76F4-55B2-4146-B1A6-2D84CB7ED7F1}.Release|x64.ActiveCfg = Release|Any CPU
		{D78A76F4-55B2-4146-B1A6-2D84CB7ED7F1}.Release|x64.Build.0 = Release|Any CPU
		{D78A76F4-55B2-4146-B1A6-2D84CB7ED7F1}.Release|x86.ActiveCfg = Release|Any CPU
		{D78A76F4-55B2-4146-B1A6-2D84CB7ED7F1}.Release|x86.Build.0 = Release|Any CPU
		{C9FD3598-2DE6-486F-8163-4FBFF5317922}.Debug|Any CPU.ActiveCfg = Debug|Any CPU
		{C9FD3598-2DE6-486F-8163-4FBFF5317922}.Debug|Any CPU.Build.0 = Debug|Any CPU
		{C9FD3598-2DE6-486F-8163-4FBFF5317922}.Debug|x64.ActiveCfg = Debug|Any CPU
		{C9FD3598-2DE6-486F-8163-4FBFF5317922}.Debug|x64.Build.0 = Debug|Any CPU
		{C9FD3598-2DE6-486F-8163-4FBFF5317922}.Debug|x86.ActiveCfg = Debug|Any CPU
		{C9FD3598-2DE6-486F-8163-4FBFF5317922}.Debug|x86.Build.0 = Debug|Any CPU
		{C9FD3598-2DE6-486F-8163-4FBFF5317922}.Release|Any CPU.ActiveCfg = Release|Any CPU
		{C9FD3598-2DE6-486F-8163-4FBFF5317922}.Release|Any CPU.Build.0 = Release|Any CPU
		{C9FD3598-2DE6-486F-8163-4FBFF5317922}.Release|x64.ActiveCfg = Release|Any CPU
		{C9FD3598-2DE6-486F-8163-4FBFF5317922}.Release|x64.Build.0 = Release|Any CPU
		{C9FD3598-2DE6-486F-8163-4FBFF5317922}.Release|x86.ActiveCfg = Release|Any CPU
		{C9FD3598-2DE6-486F-8163-4FBFF5317922}.Release|x86.Build.0 = Release|Any CPU
		{A28A2FA2-BBAB-4DDF-A935-A10E10D7AD74}.Debug|Any CPU.ActiveCfg = Debug|Any CPU
		{A28A2FA2-BBAB-4DDF-A935-A10E10D7AD74}.Debug|Any CPU.Build.0 = Debug|Any CPU
		{A28A2FA2-BBAB-4DDF-A935-A10E10D7AD74}.Debug|x64.ActiveCfg = Debug|Any CPU
		{A28A2FA2-BBAB-4DDF-A935-A10E10D7AD74}.Debug|x64.Build.0 = Debug|Any CPU
		{A28A2FA2-BBAB-4DDF-A935-A10E10D7AD74}.Debug|x86.ActiveCfg = Debug|Any CPU
		{A28A2FA2-BBAB-4DDF-A935-A10E10D7AD74}.Debug|x86.Build.0 = Debug|Any CPU
		{A28A2FA2-BBAB-4DDF-A935-A10E10D7AD74}.Release|Any CPU.ActiveCfg = Release|Any CPU
		{A28A2FA2-BBAB-4DDF-A935-A10E10D7AD74}.Release|Any CPU.Build.0 = Release|Any CPU
		{A28A2FA2-BBAB-4DDF-A935-A10E10D7AD74}.Release|x64.ActiveCfg = Release|Any CPU
		{A28A2FA2-BBAB-4DDF-A935-A10E10D7AD74}.Release|x64.Build.0 = Release|Any CPU
		{A28A2FA2-BBAB-4DDF-A935-A10E10D7AD74}.Release|x86.ActiveCfg = Release|Any CPU
		{A28A2FA2-BBAB-4DDF-A935-A10E10D7AD74}.Release|x86.Build.0 = Release|Any CPU
		{807D6FFC-3EBB-44C5-916C-9EE897C4213D}.Debug|Any CPU.ActiveCfg = Debug|Any CPU
		{807D6FFC-3EBB-44C5-916C-9EE897C4213D}.Debug|Any CPU.Build.0 = Debug|Any CPU
		{807D6FFC-3EBB-44C5-916C-9EE897C4213D}.Debug|x64.ActiveCfg = Debug|Any CPU
		{807D6FFC-3EBB-44C5-916C-9EE897C4213D}.Debug|x64.Build.0 = Debug|Any CPU
		{807D6FFC-3EBB-44C5-916C-9EE897C4213D}.Debug|x86.ActiveCfg = Debug|Any CPU
		{807D6FFC-3EBB-44C5-916C-9EE897C4213D}.Debug|x86.Build.0 = Debug|Any CPU
		{807D6FFC-3EBB-44C5-916C-9EE897C4213D}.Release|Any CPU.ActiveCfg = Release|Any CPU
		{807D6FFC-3EBB-44C5-916C-9EE897C4213D}.Release|Any CPU.Build.0 = Release|Any CPU
		{807D6FFC-3EBB-44C5-916C-9EE897C4213D}.Release|x64.ActiveCfg = Release|Any CPU
		{807D6FFC-3EBB-44C5-916C-9EE897C4213D}.Release|x64.Build.0 = Release|Any CPU
		{807D6FFC-3EBB-44C5-916C-9EE897C4213D}.Release|x86.ActiveCfg = Release|Any CPU
		{807D6FFC-3EBB-44C5-916C-9EE897C4213D}.Release|x86.Build.0 = Release|Any CPU
		{A54F63EB-C75F-4687-869E-9F4D017E2E9B}.Debug|Any CPU.ActiveCfg = Debug|Any CPU
		{A54F63EB-C75F-4687-869E-9F4D017E2E9B}.Debug|Any CPU.Build.0 = Debug|Any CPU
		{A54F63EB-C75F-4687-869E-9F4D017E2E9B}.Debug|x64.ActiveCfg = Debug|Any CPU
		{A54F63EB-C75F-4687-869E-9F4D017E2E9B}.Debug|x64.Build.0 = Debug|Any CPU
		{A54F63EB-C75F-4687-869E-9F4D017E2E9B}.Debug|x86.ActiveCfg = Debug|Any CPU
		{A54F63EB-C75F-4687-869E-9F4D017E2E9B}.Debug|x86.Build.0 = Debug|Any CPU
		{A54F63EB-C75F-4687-869E-9F4D017E2E9B}.Release|Any CPU.ActiveCfg = Release|Any CPU
		{A54F63EB-C75F-4687-869E-9F4D017E2E9B}.Release|Any CPU.Build.0 = Release|Any CPU
		{A54F63EB-C75F-4687-869E-9F4D017E2E9B}.Release|x64.ActiveCfg = Release|Any CPU
		{A54F63EB-C75F-4687-869E-9F4D017E2E9B}.Release|x64.Build.0 = Release|Any CPU
		{A54F63EB-C75F-4687-869E-9F4D017E2E9B}.Release|x86.ActiveCfg = Release|Any CPU
		{A54F63EB-C75F-4687-869E-9F4D017E2E9B}.Release|x86.Build.0 = Release|Any CPU
	EndGlobalSection
	GlobalSection(SolutionProperties) = preSolution
		HideSolutionNode = FALSE
	EndGlobalSection
	GlobalSection(NestedProjects) = preSolution
		{3DFA0A1D-90C2-4425-A68F-C81126E86D95} = {58767117-288E-485F-B5CA-C49CAD36616F}
		{61640390-9898-4567-9E77-E0C79174F7DF} = {58767117-288E-485F-B5CA-C49CAD36616F}
		{75047B98-C471-42EE-805D-B32D2AEA9DF0} = {58767117-288E-485F-B5CA-C49CAD36616F}
		{ED06940B-FB0A-4C07-BD1F-D2C9D7FA2E40} = {75047B98-C471-42EE-805D-B32D2AEA9DF0}
		{1D989EA4-4F20-46E5-B73A-88D3D07C1029} = {75047B98-C471-42EE-805D-B32D2AEA9DF0}
		{51B1DAB4-F219-4E8A-A28F-9EED7075545E} = {61640390-9898-4567-9E77-E0C79174F7DF}
		{D70EFE3F-CF68-4D56-A16E-061C6E3A8487} = {61640390-9898-4567-9E77-E0C79174F7DF}
		{7AE07585-C2B9-435B-8355-EA069AFDDEB1} = {58767117-288E-485F-B5CA-C49CAD36616F}
		{506F7BB8-DBD2-435E-BD06-5D83DC1C4223} = {58767117-288E-485F-B5CA-C49CAD36616F}
		{304D625F-9FFA-4757-B8D1-C747DE567461} = {506F7BB8-DBD2-435E-BD06-5D83DC1C4223}
		{482E0034-1C13-4325-83E7-4C22F2B516C3} = {58767117-288E-485F-B5CA-C49CAD36616F}
		{FE32FAAF-8E25-47A9-8A7D-CF34BAF424FB} = {482E0034-1C13-4325-83E7-4C22F2B516C3}
		{C1278F4B-64A1-4F5B-9C26-E116C15C7AB4} = {482E0034-1C13-4325-83E7-4C22F2B516C3}
		{D78A76F4-55B2-4146-B1A6-2D84CB7ED7F1} = {482E0034-1C13-4325-83E7-4C22F2B516C3}
		{C9FD3598-2DE6-486F-8163-4FBFF5317922} = {58767117-288E-485F-B5CA-C49CAD36616F}
		{C8DD3304-0BF9-4909-9593-2A17A20ED0CF} = {58767117-288E-485F-B5CA-C49CAD36616F}
		{A28A2FA2-BBAB-4DDF-A935-A10E10D7AD74} = {C8DD3304-0BF9-4909-9593-2A17A20ED0CF}
		{A54F63EB-C75F-4687-869E-9F4D017E2E9B} = {58767117-288E-485F-B5CA-C49CAD36616F}
	EndGlobalSection
	GlobalSection(ExtensibilityGlobals) = postSolution
		SolutionGuid = {7D6EAF79-4B75-496E-8B89-C83279945EE2}
	EndGlobalSection
EndGlobal
