
Microsoft Visual Studio Solution File, Format Version 12.00
# Visual Studio 15
VisualStudioVersion = 15.0.28307.421
MinimumVisualStudioVersion = 10.0.40219.1
Project("{2150E333-8FDC-42A3-9474-1A3956D46DE8}") = "Atlas", "Atlas", "{1C5BC186-4F9E-4B70-BF90-C9B0430E2BD4}"
EndProject
Project("{9A19103F-16F7-4668-BE54-9A1E7A4F7556}") = "DataArt.Atlas.Configuration", "..\..\..\core\Configuration\DataArt.Atlas.Configuration\DataArt.Atlas.Configuration.csproj", "{06F53C9A-E71D-4BD3-B9E1-E0E7DB2B813A}"
EndProject
Project("{9A19103F-16F7-4668-BE54-9A1E7A4F7556}") = "DataArt.Atlas.Configuration.File", "..\..\..\core\Configuration\DataArt.Atlas.Configuration.File\DataArt.Atlas.Configuration.File.csproj", "{DE5C7C05-C122-4771-98E9-938450B7E31A}"
EndProject
Project("{9A19103F-16F7-4668-BE54-9A1E7A4F7556}") = "DataArt.Atlas.CallContext", "..\..\..\core\DataArt.Atlas.CallContext\DataArt.Atlas.CallContext.csproj", "{F8F2233D-57D6-4602-A024-617B6E5726F3}"
EndProject
Project("{9A19103F-16F7-4668-BE54-9A1E7A4F7556}") = "DataArt.Atlas.Core", "..\..\..\core\DataArt.Atlas.Core\DataArt.Atlas.Core.csproj", "{F0C113A4-F2CA-4C73-A065-13B33A54CF23}"
EndProject
Project("{9A19103F-16F7-4668-BE54-9A1E7A4F7556}") = "DataArt.Atlas.Infrastructure", "..\..\..\core\DataArt.Atlas.Infrastructure\DataArt.Atlas.Infrastructure.csproj", "{CF06B3D1-BD3E-4CFD-BF46-B4FDAD9293D4}"
EndProject
Project("{9A19103F-16F7-4668-BE54-9A1E7A4F7556}") = "DataArt.Atlas.WebCommunication", "..\..\..\core\DataArt.Atlas.WebCommunication\DataArt.Atlas.WebCommunication.csproj", "{E6AEC03A-01B7-406A-A5A5-776B8ED8468F}"
EndProject
Project("{9A19103F-16F7-4668-BE54-9A1E7A4F7556}") = "DataArt.Atlas.Hosting", "..\..\..\core\Hosting\DataArt.Atlas.Hosting\DataArt.Atlas.Hosting.csproj", "{D934C14B-7831-4661-BCE5-EED43F0B89D8}"
EndProject
Project("{9A19103F-16F7-4668-BE54-9A1E7A4F7556}") = "DataArt.Atlas.Hosting.Console", "..\..\..\core\Hosting\DataArt.Atlas.Hosting.Console\DataArt.Atlas.Hosting.Console.csproj", "{7598E1E4-756F-4A69-9645-B40FFABC6886}"
EndProject
Project("{9A19103F-16F7-4668-BE54-9A1E7A4F7556}") = "DataArt.Atlas.Service.Scheduler", "..\..\..\core\Scheduler\DataArt.Atlas.Service.Scheduler\DataArt.Atlas.Service.Scheduler.csproj", "{55411C61-5736-43C1-B63A-27040FC9AB0A}"
EndProject
Project("{9A19103F-16F7-4668-BE54-9A1E7A4F7556}") = "DataArt.Atlas.Service.Scheduler.Sdk", "..\..\..\core\Scheduler\DataArt.Atlas.Service.Scheduler.Sdk\DataArt.Atlas.Service.Scheduler.Sdk.csproj", "{8B867D22-D780-470E-B9A5-1D80C50DC3CD}"
EndProject
Project("{9A19103F-16F7-4668-BE54-9A1E7A4F7556}") = "DataArt.Atlas.ServiceDiscovery", "..\..\..\core\Discovery\DataArt.Atlas.ServiceDiscovery\DataArt.Atlas.ServiceDiscovery.csproj", "{1E1C3D1C-FD82-4741-BC0F-7B8DC9B6C40C}"
EndProject
Project("{9A19103F-16F7-4668-BE54-9A1E7A4F7556}") = "DataArt.Atlas.Messaging", "..\..\..\core\Messaging\DataArt.Atlas.Messaging\DataArt.Atlas.Messaging.csproj", "{624B947F-F6BB-4AC1-9719-EBB2178F98A6}"
EndProject
Project("{9A19103F-16F7-4668-BE54-9A1E7A4F7556}") = "DataArt.Atlas.Logging", "..\..\..\core\Logging\DataArt.Atlas.Logging\DataArt.Atlas.Logging.csproj", "{DEE3BEE7-899B-439F-9CB9-9F2D58FF6AB6}"
EndProject
Project("{FAE04EC0-301F-11D3-BF4B-00C04F79EFBC}") = "SchedulerService", "SchedulerService\SchedulerService.csproj", "{C1526F67-A8E2-4C9E-A60F-0811463DB579}"
EndProject
Project("{FAE04EC0-301F-11D3-BF4B-00C04F79EFBC}") = "ClientService", "ClientService\ClientService.csproj", "{331C02DB-12DA-43C3-93EB-F368724FE398}"
EndProject
Global
	GlobalSection(SolutionConfigurationPlatforms) = preSolution
		Debug|Any CPU = Debug|Any CPU
		Release|Any CPU = Release|Any CPU
	EndGlobalSection
	GlobalSection(ProjectConfigurationPlatforms) = postSolution
		{06F53C9A-E71D-4BD3-B9E1-E0E7DB2B813A}.Debug|Any CPU.ActiveCfg = Debug|Any CPU
		{06F53C9A-E71D-4BD3-B9E1-E0E7DB2B813A}.Debug|Any CPU.Build.0 = Debug|Any CPU
		{06F53C9A-E71D-4BD3-B9E1-E0E7DB2B813A}.Release|Any CPU.ActiveCfg = Release|Any CPU
		{06F53C9A-E71D-4BD3-B9E1-E0E7DB2B813A}.Release|Any CPU.Build.0 = Release|Any CPU
		{DE5C7C05-C122-4771-98E9-938450B7E31A}.Debug|Any CPU.ActiveCfg = Debug|Any CPU
		{DE5C7C05-C122-4771-98E9-938450B7E31A}.Debug|Any CPU.Build.0 = Debug|Any CPU
		{DE5C7C05-C122-4771-98E9-938450B7E31A}.Release|Any CPU.ActiveCfg = Release|Any CPU
		{DE5C7C05-C122-4771-98E9-938450B7E31A}.Release|Any CPU.Build.0 = Release|Any CPU
		{F8F2233D-57D6-4602-A024-617B6E5726F3}.Debug|Any CPU.ActiveCfg = Debug|Any CPU
		{F8F2233D-57D6-4602-A024-617B6E5726F3}.Debug|Any CPU.Build.0 = Debug|Any CPU
		{F8F2233D-57D6-4602-A024-617B6E5726F3}.Release|Any CPU.ActiveCfg = Release|Any CPU
		{F8F2233D-57D6-4602-A024-617B6E5726F3}.Release|Any CPU.Build.0 = Release|Any CPU
		{F0C113A4-F2CA-4C73-A065-13B33A54CF23}.Debug|Any CPU.ActiveCfg = Debug|Any CPU
		{F0C113A4-F2CA-4C73-A065-13B33A54CF23}.Debug|Any CPU.Build.0 = Debug|Any CPU
		{F0C113A4-F2CA-4C73-A065-13B33A54CF23}.Release|Any CPU.ActiveCfg = Release|Any CPU
		{F0C113A4-F2CA-4C73-A065-13B33A54CF23}.Release|Any CPU.Build.0 = Release|Any CPU
		{CF06B3D1-BD3E-4CFD-BF46-B4FDAD9293D4}.Debug|Any CPU.ActiveCfg = Debug|Any CPU
		{CF06B3D1-BD3E-4CFD-BF46-B4FDAD9293D4}.Debug|Any CPU.Build.0 = Debug|Any CPU
		{CF06B3D1-BD3E-4CFD-BF46-B4FDAD9293D4}.Release|Any CPU.ActiveCfg = Release|Any CPU
		{CF06B3D1-BD3E-4CFD-BF46-B4FDAD9293D4}.Release|Any CPU.Build.0 = Release|Any CPU
		{E6AEC03A-01B7-406A-A5A5-776B8ED8468F}.Debug|Any CPU.ActiveCfg = Debug|Any CPU
		{E6AEC03A-01B7-406A-A5A5-776B8ED8468F}.Debug|Any CPU.Build.0 = Debug|Any CPU
		{E6AEC03A-01B7-406A-A5A5-776B8ED8468F}.Release|Any CPU.ActiveCfg = Release|Any CPU
		{E6AEC03A-01B7-406A-A5A5-776B8ED8468F}.Release|Any CPU.Build.0 = Release|Any CPU
		{D934C14B-7831-4661-BCE5-EED43F0B89D8}.Debug|Any CPU.ActiveCfg = Debug|Any CPU
		{D934C14B-7831-4661-BCE5-EED43F0B89D8}.Debug|Any CPU.Build.0 = Debug|Any CPU
		{D934C14B-7831-4661-BCE5-EED43F0B89D8}.Release|Any CPU.ActiveCfg = Release|Any CPU
		{D934C14B-7831-4661-BCE5-EED43F0B89D8}.Release|Any CPU.Build.0 = Release|Any CPU
		{7598E1E4-756F-4A69-9645-B40FFABC6886}.Debug|Any CPU.ActiveCfg = Debug|Any CPU
		{7598E1E4-756F-4A69-9645-B40FFABC6886}.Debug|Any CPU.Build.0 = Debug|Any CPU
		{7598E1E4-756F-4A69-9645-B40FFABC6886}.Release|Any CPU.ActiveCfg = Release|Any CPU
		{7598E1E4-756F-4A69-9645-B40FFABC6886}.Release|Any CPU.Build.0 = Release|Any CPU
		{55411C61-5736-43C1-B63A-27040FC9AB0A}.Debug|Any CPU.ActiveCfg = Debug|Any CPU
		{55411C61-5736-43C1-B63A-27040FC9AB0A}.Debug|Any CPU.Build.0 = Debug|Any CPU
		{55411C61-5736-43C1-B63A-27040FC9AB0A}.Release|Any CPU.ActiveCfg = Release|Any CPU
		{55411C61-5736-43C1-B63A-27040FC9AB0A}.Release|Any CPU.Build.0 = Release|Any CPU
		{8B867D22-D780-470E-B9A5-1D80C50DC3CD}.Debug|Any CPU.ActiveCfg = Debug|Any CPU
		{8B867D22-D780-470E-B9A5-1D80C50DC3CD}.Debug|Any CPU.Build.0 = Debug|Any CPU
		{8B867D22-D780-470E-B9A5-1D80C50DC3CD}.Release|Any CPU.ActiveCfg = Release|Any CPU
		{8B867D22-D780-470E-B9A5-1D80C50DC3CD}.Release|Any CPU.Build.0 = Release|Any CPU
		{1E1C3D1C-FD82-4741-BC0F-7B8DC9B6C40C}.Debug|Any CPU.ActiveCfg = Debug|Any CPU
		{1E1C3D1C-FD82-4741-BC0F-7B8DC9B6C40C}.Debug|Any CPU.Build.0 = Debug|Any CPU
		{1E1C3D1C-FD82-4741-BC0F-7B8DC9B6C40C}.Release|Any CPU.ActiveCfg = Release|Any CPU
		{1E1C3D1C-FD82-4741-BC0F-7B8DC9B6C40C}.Release|Any CPU.Build.0 = Release|Any CPU
		{624B947F-F6BB-4AC1-9719-EBB2178F98A6}.Debug|Any CPU.ActiveCfg = Debug|Any CPU
		{624B947F-F6BB-4AC1-9719-EBB2178F98A6}.Debug|Any CPU.Build.0 = Debug|Any CPU
		{624B947F-F6BB-4AC1-9719-EBB2178F98A6}.Release|Any CPU.ActiveCfg = Release|Any CPU
		{624B947F-F6BB-4AC1-9719-EBB2178F98A6}.Release|Any CPU.Build.0 = Release|Any CPU
		{DEE3BEE7-899B-439F-9CB9-9F2D58FF6AB6}.Debug|Any CPU.ActiveCfg = Debug|Any CPU
		{DEE3BEE7-899B-439F-9CB9-9F2D58FF6AB6}.Debug|Any CPU.Build.0 = Debug|Any CPU
		{DEE3BEE7-899B-439F-9CB9-9F2D58FF6AB6}.Release|Any CPU.ActiveCfg = Release|Any CPU
		{DEE3BEE7-899B-439F-9CB9-9F2D58FF6AB6}.Release|Any CPU.Build.0 = Release|Any CPU
		{C1526F67-A8E2-4C9E-A60F-0811463DB579}.Debug|Any CPU.ActiveCfg = Debug|Any CPU
		{C1526F67-A8E2-4C9E-A60F-0811463DB579}.Debug|Any CPU.Build.0 = Debug|Any CPU
		{C1526F67-A8E2-4C9E-A60F-0811463DB579}.Release|Any CPU.ActiveCfg = Release|Any CPU
		{C1526F67-A8E2-4C9E-A60F-0811463DB579}.Release|Any CPU.Build.0 = Release|Any CPU
		{331C02DB-12DA-43C3-93EB-F368724FE398}.Debug|Any CPU.ActiveCfg = Debug|Any CPU
		{331C02DB-12DA-43C3-93EB-F368724FE398}.Debug|Any CPU.Build.0 = Debug|Any CPU
		{331C02DB-12DA-43C3-93EB-F368724FE398}.Release|Any CPU.ActiveCfg = Release|Any CPU
		{331C02DB-12DA-43C3-93EB-F368724FE398}.Release|Any CPU.Build.0 = Release|Any CPU
	EndGlobalSection
	GlobalSection(SolutionProperties) = preSolution
		HideSolutionNode = FALSE
	EndGlobalSection
	GlobalSection(NestedProjects) = preSolution
		{06F53C9A-E71D-4BD3-B9E1-E0E7DB2B813A} = {1C5BC186-4F9E-4B70-BF90-C9B0430E2BD4}
		{DE5C7C05-C122-4771-98E9-938450B7E31A} = {1C5BC186-4F9E-4B70-BF90-C9B0430E2BD4}
		{F8F2233D-57D6-4602-A024-617B6E5726F3} = {1C5BC186-4F9E-4B70-BF90-C9B0430E2BD4}
		{F0C113A4-F2CA-4C73-A065-13B33A54CF23} = {1C5BC186-4F9E-4B70-BF90-C9B0430E2BD4}
		{CF06B3D1-BD3E-4CFD-BF46-B4FDAD9293D4} = {1C5BC186-4F9E-4B70-BF90-C9B0430E2BD4}
		{E6AEC03A-01B7-406A-A5A5-776B8ED8468F} = {1C5BC186-4F9E-4B70-BF90-C9B0430E2BD4}
		{D934C14B-7831-4661-BCE5-EED43F0B89D8} = {1C5BC186-4F9E-4B70-BF90-C9B0430E2BD4}
		{7598E1E4-756F-4A69-9645-B40FFABC6886} = {1C5BC186-4F9E-4B70-BF90-C9B0430E2BD4}
		{55411C61-5736-43C1-B63A-27040FC9AB0A} = {1C5BC186-4F9E-4B70-BF90-C9B0430E2BD4}
		{8B867D22-D780-470E-B9A5-1D80C50DC3CD} = {1C5BC186-4F9E-4B70-BF90-C9B0430E2BD4}
		{1E1C3D1C-FD82-4741-BC0F-7B8DC9B6C40C} = {1C5BC186-4F9E-4B70-BF90-C9B0430E2BD4}
		{624B947F-F6BB-4AC1-9719-EBB2178F98A6} = {1C5BC186-4F9E-4B70-BF90-C9B0430E2BD4}
		{DEE3BEE7-899B-439F-9CB9-9F2D58FF6AB6} = {1C5BC186-4F9E-4B70-BF90-C9B0430E2BD4}
	EndGlobalSection
	GlobalSection(ExtensibilityGlobals) = postSolution
		SolutionGuid = {B2BA61D2-A551-4BC5-A44F-AC5ACE0ADAEA}
	EndGlobalSection
EndGlobal
