
Microsoft Visual Studio Solution File, Format Version 12.00
# Visual Studio 15
VisualStudioVersion = 15.0.28010.2026
MinimumVisualStudioVersion = 10.0.40219.1
Project("{9A19103F-16F7-4668-BE54-9A1E7A4F7556}") = "SampleService", "SampleService\SampleService.csproj", "{77845EFE-F0B2-4549-89F2-7D78E1FB876C}"
EndProject
Project("{2150E333-8FDC-42A3-9474-1A3956D46DE8}") = "Atlas", "Atlas", "{7035A6EE-86E6-488F-8D16-EAF588816837}"
EndProject
Project("{9A19103F-16F7-4668-BE54-9A1E7A4F7556}") = "DataArt.Atlas.Configuration", "..\..\..\core\Configuration\DataArt.Atlas.Configuration\DataArt.Atlas.Configuration.csproj", "{F68F4209-67BC-44D2-A2DC-9515933EF8D8}"
EndProject
Project("{9A19103F-16F7-4668-BE54-9A1E7A4F7556}") = "DataArt.Atlas.Hosting", "..\..\..\core\Hosting\DataArt.Atlas.Hosting\DataArt.Atlas.Hosting.csproj", "{32F7DC96-FA4B-47D7-B59E-4A2E77AC6B89}"
EndProject
Project("{9A19103F-16F7-4668-BE54-9A1E7A4F7556}") = "DataArt.Atlas.CallContext", "..\..\..\core\DataArt.Atlas.CallContext\DataArt.Atlas.CallContext.csproj", "{5F3D2205-3910-4147-A829-9C0E28763AA9}"
EndProject
Project("{9A19103F-16F7-4668-BE54-9A1E7A4F7556}") = "DataArt.Atlas.Core", "..\..\..\core\DataArt.Atlas.Core\DataArt.Atlas.Core.csproj", "{A4F24D73-6A6F-4BCC-9F5E-9268249450FE}"
EndProject
Project("{9A19103F-16F7-4668-BE54-9A1E7A4F7556}") = "DataArt.Atlas.WebCommunication", "..\..\..\core\DataArt.Atlas.WebCommunication\DataArt.Atlas.WebCommunication.csproj", "{E0857A58-0182-4204-8695-180C63DD0F2B}"
EndProject
Project("{9A19103F-16F7-4668-BE54-9A1E7A4F7556}") = "DataArt.Atlas.Infrastructure", "..\..\..\core\DataArt.Atlas.Infrastructure\DataArt.Atlas.Infrastructure.csproj", "{56BEC269-EF29-491F-807E-38BE45B9BBCD}"
EndProject
Project("{9A19103F-16F7-4668-BE54-9A1E7A4F7556}") = "DataArt.Atlas.ServiceDiscovery", "..\..\..\core\Discovery\DataArt.Atlas.ServiceDiscovery\DataArt.Atlas.ServiceDiscovery.csproj", "{7236011E-413B-429D-BBFD-91853F0AB039}"
EndProject
Project("{9A19103F-16F7-4668-BE54-9A1E7A4F7556}") = "DataArt.Atlas.Messaging", "..\..\..\core\Messaging\DataArt.Atlas.Messaging\DataArt.Atlas.Messaging.csproj", "{5269D957-CA86-40CE-87AA-6BA4F52094CE}"
EndProject
Project("{9A19103F-16F7-4668-BE54-9A1E7A4F7556}") = "DataArt.Atlas.Logging", "..\..\..\core\Logging\DataArt.Atlas.Logging\DataArt.Atlas.Logging.csproj", "{18AC1B3D-183F-4FE0-99F9-4C0C1AE42BE8}"
EndProject
Project("{9A19103F-16F7-4668-BE54-9A1E7A4F7556}") = "DataArt.Atlas.Configuration.File", "..\..\..\core\Configuration\DataArt.Atlas.Configuration.File\DataArt.Atlas.Configuration.File.csproj", "{AA28908B-C775-4DBA-AC04-0F4EE6CE3678}"
EndProject
Project("{9A19103F-16F7-4668-BE54-9A1E7A4F7556}") = "DataArt.Atlas.Hosting.Console", "..\..\..\core\Hosting\DataArt.Atlas.Hosting.Console\DataArt.Atlas.Hosting.Console.csproj", "{09BC4D73-4530-4F2D-9C6A-D47F61831BA4}"
EndProject
Project("{9A19103F-16F7-4668-BE54-9A1E7A4F7556}") = "DataArt.Atlas.EntityFramework.MsSql", "..\..\..\core\DataAccess\DataArt.Atlas.EntityFramework.MsSql\DataArt.Atlas.EntityFramework.MsSql.csproj", "{ABBB2FE7-8DC5-41D5-9E14-39019A8C95E8}"
EndProject
Global
	GlobalSection(SolutionConfigurationPlatforms) = preSolution
		Debug|Any CPU = Debug|Any CPU
		Debug|x64 = Debug|x64
		Release|Any CPU = Release|Any CPU
		Release|x64 = Release|x64
	EndGlobalSection
	GlobalSection(ProjectConfigurationPlatforms) = postSolution
		{77845EFE-F0B2-4549-89F2-7D78E1FB876C}.Debug|Any CPU.ActiveCfg = Debug|Any CPU
		{77845EFE-F0B2-4549-89F2-7D78E1FB876C}.Debug|Any CPU.Build.0 = Debug|Any CPU
		{77845EFE-F0B2-4549-89F2-7D78E1FB876C}.Debug|x64.ActiveCfg = Debug|Any CPU
		{77845EFE-F0B2-4549-89F2-7D78E1FB876C}.Debug|x64.Build.0 = Debug|Any CPU
		{77845EFE-F0B2-4549-89F2-7D78E1FB876C}.Release|Any CPU.ActiveCfg = Release|Any CPU
		{77845EFE-F0B2-4549-89F2-7D78E1FB876C}.Release|Any CPU.Build.0 = Release|Any CPU
		{77845EFE-F0B2-4549-89F2-7D78E1FB876C}.Release|x64.ActiveCfg = Release|Any CPU
		{77845EFE-F0B2-4549-89F2-7D78E1FB876C}.Release|x64.Build.0 = Release|Any CPU
		{F68F4209-67BC-44D2-A2DC-9515933EF8D8}.Debug|Any CPU.ActiveCfg = Debug|Any CPU
		{F68F4209-67BC-44D2-A2DC-9515933EF8D8}.Debug|Any CPU.Build.0 = Debug|Any CPU
		{F68F4209-67BC-44D2-A2DC-9515933EF8D8}.Debug|x64.ActiveCfg = Debug|Any CPU
		{F68F4209-67BC-44D2-A2DC-9515933EF8D8}.Debug|x64.Build.0 = Debug|Any CPU
		{F68F4209-67BC-44D2-A2DC-9515933EF8D8}.Release|Any CPU.ActiveCfg = Release|Any CPU
		{F68F4209-67BC-44D2-A2DC-9515933EF8D8}.Release|Any CPU.Build.0 = Release|Any CPU
		{F68F4209-67BC-44D2-A2DC-9515933EF8D8}.Release|x64.ActiveCfg = Release|Any CPU
		{F68F4209-67BC-44D2-A2DC-9515933EF8D8}.Release|x64.Build.0 = Release|Any CPU
		{32F7DC96-FA4B-47D7-B59E-4A2E77AC6B89}.Debug|Any CPU.ActiveCfg = Debug|Any CPU
		{32F7DC96-FA4B-47D7-B59E-4A2E77AC6B89}.Debug|Any CPU.Build.0 = Debug|Any CPU
		{32F7DC96-FA4B-47D7-B59E-4A2E77AC6B89}.Debug|x64.ActiveCfg = Debug|Any CPU
		{32F7DC96-FA4B-47D7-B59E-4A2E77AC6B89}.Debug|x64.Build.0 = Debug|Any CPU
		{32F7DC96-FA4B-47D7-B59E-4A2E77AC6B89}.Release|Any CPU.ActiveCfg = Release|Any CPU
		{32F7DC96-FA4B-47D7-B59E-4A2E77AC6B89}.Release|Any CPU.Build.0 = Release|Any CPU
		{32F7DC96-FA4B-47D7-B59E-4A2E77AC6B89}.Release|x64.ActiveCfg = Release|Any CPU
		{32F7DC96-FA4B-47D7-B59E-4A2E77AC6B89}.Release|x64.Build.0 = Release|Any CPU
		{5F3D2205-3910-4147-A829-9C0E28763AA9}.Debug|Any CPU.ActiveCfg = Debug|Any CPU
		{5F3D2205-3910-4147-A829-9C0E28763AA9}.Debug|Any CPU.Build.0 = Debug|Any CPU
		{5F3D2205-3910-4147-A829-9C0E28763AA9}.Debug|x64.ActiveCfg = Debug|Any CPU
		{5F3D2205-3910-4147-A829-9C0E28763AA9}.Debug|x64.Build.0 = Debug|Any CPU
		{5F3D2205-3910-4147-A829-9C0E28763AA9}.Release|Any CPU.ActiveCfg = Release|Any CPU
		{5F3D2205-3910-4147-A829-9C0E28763AA9}.Release|Any CPU.Build.0 = Release|Any CPU
		{5F3D2205-3910-4147-A829-9C0E28763AA9}.Release|x64.ActiveCfg = Release|Any CPU
		{5F3D2205-3910-4147-A829-9C0E28763AA9}.Release|x64.Build.0 = Release|Any CPU
		{A4F24D73-6A6F-4BCC-9F5E-9268249450FE}.Debug|Any CPU.ActiveCfg = Debug|Any CPU
		{A4F24D73-6A6F-4BCC-9F5E-9268249450FE}.Debug|Any CPU.Build.0 = Debug|Any CPU
		{A4F24D73-6A6F-4BCC-9F5E-9268249450FE}.Debug|x64.ActiveCfg = Debug|Any CPU
		{A4F24D73-6A6F-4BCC-9F5E-9268249450FE}.Debug|x64.Build.0 = Debug|Any CPU
		{A4F24D73-6A6F-4BCC-9F5E-9268249450FE}.Release|Any CPU.ActiveCfg = Release|Any CPU
		{A4F24D73-6A6F-4BCC-9F5E-9268249450FE}.Release|Any CPU.Build.0 = Release|Any CPU
		{A4F24D73-6A6F-4BCC-9F5E-9268249450FE}.Release|x64.ActiveCfg = Release|Any CPU
		{A4F24D73-6A6F-4BCC-9F5E-9268249450FE}.Release|x64.Build.0 = Release|Any CPU
		{E0857A58-0182-4204-8695-180C63DD0F2B}.Debug|Any CPU.ActiveCfg = Debug|Any CPU
		{E0857A58-0182-4204-8695-180C63DD0F2B}.Debug|Any CPU.Build.0 = Debug|Any CPU
		{E0857A58-0182-4204-8695-180C63DD0F2B}.Debug|x64.ActiveCfg = Debug|Any CPU
		{E0857A58-0182-4204-8695-180C63DD0F2B}.Debug|x64.Build.0 = Debug|Any CPU
		{E0857A58-0182-4204-8695-180C63DD0F2B}.Release|Any CPU.ActiveCfg = Release|Any CPU
		{E0857A58-0182-4204-8695-180C63DD0F2B}.Release|Any CPU.Build.0 = Release|Any CPU
		{E0857A58-0182-4204-8695-180C63DD0F2B}.Release|x64.ActiveCfg = Release|Any CPU
		{E0857A58-0182-4204-8695-180C63DD0F2B}.Release|x64.Build.0 = Release|Any CPU
		{56BEC269-EF29-491F-807E-38BE45B9BBCD}.Debug|Any CPU.ActiveCfg = Debug|Any CPU
		{56BEC269-EF29-491F-807E-38BE45B9BBCD}.Debug|Any CPU.Build.0 = Debug|Any CPU
		{56BEC269-EF29-491F-807E-38BE45B9BBCD}.Debug|x64.ActiveCfg = Debug|Any CPU
		{56BEC269-EF29-491F-807E-38BE45B9BBCD}.Debug|x64.Build.0 = Debug|Any CPU
		{56BEC269-EF29-491F-807E-38BE45B9BBCD}.Release|Any CPU.ActiveCfg = Release|Any CPU
		{56BEC269-EF29-491F-807E-38BE45B9BBCD}.Release|Any CPU.Build.0 = Release|Any CPU
		{56BEC269-EF29-491F-807E-38BE45B9BBCD}.Release|x64.ActiveCfg = Release|Any CPU
		{56BEC269-EF29-491F-807E-38BE45B9BBCD}.Release|x64.Build.0 = Release|Any CPU
		{7236011E-413B-429D-BBFD-91853F0AB039}.Debug|Any CPU.ActiveCfg = Debug|Any CPU
		{7236011E-413B-429D-BBFD-91853F0AB039}.Debug|Any CPU.Build.0 = Debug|Any CPU
		{7236011E-413B-429D-BBFD-91853F0AB039}.Debug|x64.ActiveCfg = Debug|Any CPU
		{7236011E-413B-429D-BBFD-91853F0AB039}.Debug|x64.Build.0 = Debug|Any CPU
		{7236011E-413B-429D-BBFD-91853F0AB039}.Release|Any CPU.ActiveCfg = Release|Any CPU
		{7236011E-413B-429D-BBFD-91853F0AB039}.Release|Any CPU.Build.0 = Release|Any CPU
		{7236011E-413B-429D-BBFD-91853F0AB039}.Release|x64.ActiveCfg = Release|Any CPU
		{7236011E-413B-429D-BBFD-91853F0AB039}.Release|x64.Build.0 = Release|Any CPU
		{5269D957-CA86-40CE-87AA-6BA4F52094CE}.Debug|Any CPU.ActiveCfg = Debug|Any CPU
		{5269D957-CA86-40CE-87AA-6BA4F52094CE}.Debug|Any CPU.Build.0 = Debug|Any CPU
		{5269D957-CA86-40CE-87AA-6BA4F52094CE}.Debug|x64.ActiveCfg = Debug|Any CPU
		{5269D957-CA86-40CE-87AA-6BA4F52094CE}.Debug|x64.Build.0 = Debug|Any CPU
		{5269D957-CA86-40CE-87AA-6BA4F52094CE}.Release|Any CPU.ActiveCfg = Release|Any CPU
		{5269D957-CA86-40CE-87AA-6BA4F52094CE}.Release|Any CPU.Build.0 = Release|Any CPU
		{5269D957-CA86-40CE-87AA-6BA4F52094CE}.Release|x64.ActiveCfg = Release|Any CPU
		{5269D957-CA86-40CE-87AA-6BA4F52094CE}.Release|x64.Build.0 = Release|Any CPU
		{18AC1B3D-183F-4FE0-99F9-4C0C1AE42BE8}.Debug|Any CPU.ActiveCfg = Debug|Any CPU
		{18AC1B3D-183F-4FE0-99F9-4C0C1AE42BE8}.Debug|Any CPU.Build.0 = Debug|Any CPU
		{18AC1B3D-183F-4FE0-99F9-4C0C1AE42BE8}.Debug|x64.ActiveCfg = Debug|Any CPU
		{18AC1B3D-183F-4FE0-99F9-4C0C1AE42BE8}.Debug|x64.Build.0 = Debug|Any CPU
		{18AC1B3D-183F-4FE0-99F9-4C0C1AE42BE8}.Release|Any CPU.ActiveCfg = Release|Any CPU
		{18AC1B3D-183F-4FE0-99F9-4C0C1AE42BE8}.Release|Any CPU.Build.0 = Release|Any CPU
		{18AC1B3D-183F-4FE0-99F9-4C0C1AE42BE8}.Release|x64.ActiveCfg = Release|Any CPU
		{18AC1B3D-183F-4FE0-99F9-4C0C1AE42BE8}.Release|x64.Build.0 = Release|Any CPU
		{AA28908B-C775-4DBA-AC04-0F4EE6CE3678}.Debug|Any CPU.ActiveCfg = Debug|Any CPU
		{AA28908B-C775-4DBA-AC04-0F4EE6CE3678}.Debug|Any CPU.Build.0 = Debug|Any CPU
		{AA28908B-C775-4DBA-AC04-0F4EE6CE3678}.Debug|x64.ActiveCfg = Debug|Any CPU
		{AA28908B-C775-4DBA-AC04-0F4EE6CE3678}.Debug|x64.Build.0 = Debug|Any CPU
		{AA28908B-C775-4DBA-AC04-0F4EE6CE3678}.Release|Any CPU.ActiveCfg = Release|Any CPU
		{AA28908B-C775-4DBA-AC04-0F4EE6CE3678}.Release|Any CPU.Build.0 = Release|Any CPU
		{AA28908B-C775-4DBA-AC04-0F4EE6CE3678}.Release|x64.ActiveCfg = Release|Any CPU
		{AA28908B-C775-4DBA-AC04-0F4EE6CE3678}.Release|x64.Build.0 = Release|Any CPU
		{09BC4D73-4530-4F2D-9C6A-D47F61831BA4}.Debug|Any CPU.ActiveCfg = Debug|Any CPU
		{09BC4D73-4530-4F2D-9C6A-D47F61831BA4}.Debug|Any CPU.Build.0 = Debug|Any CPU
		{09BC4D73-4530-4F2D-9C6A-D47F61831BA4}.Debug|x64.ActiveCfg = Debug|Any CPU
		{09BC4D73-4530-4F2D-9C6A-D47F61831BA4}.Debug|x64.Build.0 = Debug|Any CPU
		{09BC4D73-4530-4F2D-9C6A-D47F61831BA4}.Release|Any CPU.ActiveCfg = Release|Any CPU
		{09BC4D73-4530-4F2D-9C6A-D47F61831BA4}.Release|Any CPU.Build.0 = Release|Any CPU
		{09BC4D73-4530-4F2D-9C6A-D47F61831BA4}.Release|x64.ActiveCfg = Release|Any CPU
		{09BC4D73-4530-4F2D-9C6A-D47F61831BA4}.Release|x64.Build.0 = Release|Any CPU
		{ABBB2FE7-8DC5-41D5-9E14-39019A8C95E8}.Debug|Any CPU.ActiveCfg = Debug|Any CPU
		{ABBB2FE7-8DC5-41D5-9E14-39019A8C95E8}.Debug|Any CPU.Build.0 = Debug|Any CPU
		{ABBB2FE7-8DC5-41D5-9E14-39019A8C95E8}.Debug|x64.ActiveCfg = Debug|Any CPU
		{ABBB2FE7-8DC5-41D5-9E14-39019A8C95E8}.Debug|x64.Build.0 = Debug|Any CPU
		{ABBB2FE7-8DC5-41D5-9E14-39019A8C95E8}.Release|Any CPU.ActiveCfg = Release|Any CPU
		{ABBB2FE7-8DC5-41D5-9E14-39019A8C95E8}.Release|Any CPU.Build.0 = Release|Any CPU
		{ABBB2FE7-8DC5-41D5-9E14-39019A8C95E8}.Release|x64.ActiveCfg = Release|Any CPU
		{ABBB2FE7-8DC5-41D5-9E14-39019A8C95E8}.Release|x64.Build.0 = Release|Any CPU
	EndGlobalSection
	GlobalSection(SolutionProperties) = preSolution
		HideSolutionNode = FALSE
	EndGlobalSection
	GlobalSection(NestedProjects) = preSolution
		{F68F4209-67BC-44D2-A2DC-9515933EF8D8} = {7035A6EE-86E6-488F-8D16-EAF588816837}
		{32F7DC96-FA4B-47D7-B59E-4A2E77AC6B89} = {7035A6EE-86E6-488F-8D16-EAF588816837}
		{5F3D2205-3910-4147-A829-9C0E28763AA9} = {7035A6EE-86E6-488F-8D16-EAF588816837}
		{A4F24D73-6A6F-4BCC-9F5E-9268249450FE} = {7035A6EE-86E6-488F-8D16-EAF588816837}
		{E0857A58-0182-4204-8695-180C63DD0F2B} = {7035A6EE-86E6-488F-8D16-EAF588816837}
		{56BEC269-EF29-491F-807E-38BE45B9BBCD} = {7035A6EE-86E6-488F-8D16-EAF588816837}
		{7236011E-413B-429D-BBFD-91853F0AB039} = {7035A6EE-86E6-488F-8D16-EAF588816837}
		{5269D957-CA86-40CE-87AA-6BA4F52094CE} = {7035A6EE-86E6-488F-8D16-EAF588816837}
		{18AC1B3D-183F-4FE0-99F9-4C0C1AE42BE8} = {7035A6EE-86E6-488F-8D16-EAF588816837}
		{AA28908B-C775-4DBA-AC04-0F4EE6CE3678} = {7035A6EE-86E6-488F-8D16-EAF588816837}
		{09BC4D73-4530-4F2D-9C6A-D47F61831BA4} = {7035A6EE-86E6-488F-8D16-EAF588816837}
		{ABBB2FE7-8DC5-41D5-9E14-39019A8C95E8} = {7035A6EE-86E6-488F-8D16-EAF588816837}
	EndGlobalSection
	GlobalSection(ExtensibilityGlobals) = postSolution
		SolutionGuid = {ADB6FE65-92FF-4118-9F72-C53622A12005}
	EndGlobalSection
EndGlobal
