
Microsoft Visual Studio Solution File, Format Version 12.00
# Visual Studio 15
VisualStudioVersion = 15.0.28010.2016
MinimumVisualStudioVersion = 10.0.40219.1
Project("{FAE04EC0-301F-11D3-BF4B-00C04F79EFBC}") = "EmptyService", "Empty\EmptyService\EmptyService.csproj", "{717D9396-05FC-4CC7-8202-61224749D6BF}"
EndProject
Project("{FAE04EC0-301F-11D3-BF4B-00C04F79EFBC}") = "RabbitMQService", "RabbitMQ\RabbitMQService\RabbitMQService.csproj", "{E94DF01B-A65B-47C7-85C5-8CDBA5C009C3}"
EndProject
Project("{FAE04EC0-301F-11D3-BF4B-00C04F79EFBC}") = "SchedulerService", "Scheduler\SchedulerService\SchedulerService.csproj", "{A07FC988-FC19-4E2A-9F7C-9820D8357173}"
EndProject
Project("{FAE04EC0-301F-11D3-BF4B-00C04F79EFBC}") = "ConfigurationService", "Configuration\ConfigurationService\ConfigurationService.csproj", "{9337F021-56B2-4B0E-AE87-C9462BB18BCE}"
EndProject
Project("{2150E333-8FDC-42A3-9474-1A3956D46DE8}") = "SDKSample", "SDKSample", "{39A40959-1AC8-4EE7-8D66-911EAEF0E3E9}"
EndProject
Project("{FAE04EC0-301F-11D3-BF4B-00C04F79EFBC}") = "InventoryService.SDK", "SDK\InventoryService.SDK\InventoryService.SDK.csproj", "{A17444BA-ED58-46E1-BBA4-673742AD4D2B}"
EndProject
Project("{FAE04EC0-301F-11D3-BF4B-00C04F79EFBC}") = "InventoryService", "SDK\InventoryService\InventoryService.csproj", "{8DD5BA50-EB4C-415C-8E96-20C901392D41}"
EndProject
Project("{FAE04EC0-301F-11D3-BF4B-00C04F79EFBC}") = "StaffService", "SDK\StaffService\StaffService.csproj", "{B302F04F-4305-41C4-9510-BEFA838A5DBD}"
EndProject
Project("{FAE04EC0-301F-11D3-BF4B-00C04F79EFBC}") = "Common", "SDK\Common\Common.csproj", "{5F08E388-3755-4830-A637-17285FCEE1DC}"
EndProject
Project("{2150E333-8FDC-42A3-9474-1A3956D46DE8}") = "Console", "Console", "{E3AE442D-61E6-4404-B6EE-902395A248E1}"
	ProjectSection(SolutionItems) = preProject
		SDK\Console\configuration.json = SDK\Console\configuration.json
	EndProjectSection
EndProject
Project("{2150E333-8FDC-42A3-9474-1A3956D46DE8}") = "ServiceFabric", "ServiceFabric", "{E6AD9B6C-83DE-40C7-BB9C-4DA23375B9A0}"
EndProject
Project("{FAE04EC0-301F-11D3-BF4B-00C04F79EFBC}") = "SampleService", "ServiceFabric\SampleService\SampleService.csproj", "{5EB2AD63-C49B-4361-90F5-966DB33A2028}"
EndProject
Project("{A07B5EB6-E848-4116-A8D0-A826331D98C6}") = "ServiceFabric", "ServiceFabric\ServiceFabric\ServiceFabric.sfproj", "{D26A75CE-C14A-4BBA-8B97-7C2B41C5128A}"
EndProject
Global
	GlobalSection(SolutionConfigurationPlatforms) = preSolution
		Debug|Any CPU = Debug|Any CPU
		Debug|x64 = Debug|x64
		Debug|x86 = Debug|x86
		Release|Any CPU = Release|Any CPU
		Release|x64 = Release|x64
		Release|x86 = Release|x86
	EndGlobalSection
	GlobalSection(ProjectConfigurationPlatforms) = postSolution
		{717D9396-05FC-4CC7-8202-61224749D6BF}.Debug|Any CPU.ActiveCfg = Debug|Any CPU
		{717D9396-05FC-4CC7-8202-61224749D6BF}.Debug|Any CPU.Build.0 = Debug|Any CPU
		{717D9396-05FC-4CC7-8202-61224749D6BF}.Debug|x64.ActiveCfg = Debug|x64
		{717D9396-05FC-4CC7-8202-61224749D6BF}.Debug|x64.Build.0 = Debug|x64
		{717D9396-05FC-4CC7-8202-61224749D6BF}.Debug|x86.ActiveCfg = Debug|x86
		{717D9396-05FC-4CC7-8202-61224749D6BF}.Debug|x86.Build.0 = Debug|x86
		{717D9396-05FC-4CC7-8202-61224749D6BF}.Release|Any CPU.ActiveCfg = Release|Any CPU
		{717D9396-05FC-4CC7-8202-61224749D6BF}.Release|Any CPU.Build.0 = Release|Any CPU
		{717D9396-05FC-4CC7-8202-61224749D6BF}.Release|x64.ActiveCfg = Release|x64
		{717D9396-05FC-4CC7-8202-61224749D6BF}.Release|x64.Build.0 = Release|x64
		{717D9396-05FC-4CC7-8202-61224749D6BF}.Release|x86.ActiveCfg = Release|x86
		{717D9396-05FC-4CC7-8202-61224749D6BF}.Release|x86.Build.0 = Release|x86
		{E94DF01B-A65B-47C7-85C5-8CDBA5C009C3}.Debug|Any CPU.ActiveCfg = Debug|Any CPU
		{E94DF01B-A65B-47C7-85C5-8CDBA5C009C3}.Debug|Any CPU.Build.0 = Debug|Any CPU
		{E94DF01B-A65B-47C7-85C5-8CDBA5C009C3}.Debug|x64.ActiveCfg = Debug|x64
		{E94DF01B-A65B-47C7-85C5-8CDBA5C009C3}.Debug|x64.Build.0 = Debug|x64
		{E94DF01B-A65B-47C7-85C5-8CDBA5C009C3}.Debug|x86.ActiveCfg = Debug|x86
		{E94DF01B-A65B-47C7-85C5-8CDBA5C009C3}.Debug|x86.Build.0 = Debug|x86
		{E94DF01B-A65B-47C7-85C5-8CDBA5C009C3}.Release|Any CPU.ActiveCfg = Release|Any CPU
		{E94DF01B-A65B-47C7-85C5-8CDBA5C009C3}.Release|Any CPU.Build.0 = Release|Any CPU
		{E94DF01B-A65B-47C7-85C5-8CDBA5C009C3}.Release|x64.ActiveCfg = Release|x64
		{E94DF01B-A65B-47C7-85C5-8CDBA5C009C3}.Release|x64.Build.0 = Release|x64
		{E94DF01B-A65B-47C7-85C5-8CDBA5C009C3}.Release|x86.ActiveCfg = Release|x86
		{E94DF01B-A65B-47C7-85C5-8CDBA5C009C3}.Release|x86.Build.0 = Release|x86
		{A07FC988-FC19-4E2A-9F7C-9820D8357173}.Debug|Any CPU.ActiveCfg = Debug|Any CPU
		{A07FC988-FC19-4E2A-9F7C-9820D8357173}.Debug|Any CPU.Build.0 = Debug|Any CPU
		{A07FC988-FC19-4E2A-9F7C-9820D8357173}.Debug|x64.ActiveCfg = Debug|x64
		{A07FC988-FC19-4E2A-9F7C-9820D8357173}.Debug|x64.Build.0 = Debug|x64
		{A07FC988-FC19-4E2A-9F7C-9820D8357173}.Debug|x86.ActiveCfg = Debug|x86
		{A07FC988-FC19-4E2A-9F7C-9820D8357173}.Debug|x86.Build.0 = Debug|x86
		{A07FC988-FC19-4E2A-9F7C-9820D8357173}.Release|Any CPU.ActiveCfg = Release|Any CPU
		{A07FC988-FC19-4E2A-9F7C-9820D8357173}.Release|Any CPU.Build.0 = Release|Any CPU
		{A07FC988-FC19-4E2A-9F7C-9820D8357173}.Release|x64.ActiveCfg = Release|x64
		{A07FC988-FC19-4E2A-9F7C-9820D8357173}.Release|x64.Build.0 = Release|x64
		{A07FC988-FC19-4E2A-9F7C-9820D8357173}.Release|x86.ActiveCfg = Release|x86
		{A07FC988-FC19-4E2A-9F7C-9820D8357173}.Release|x86.Build.0 = Release|x86
		{9337F021-56B2-4B0E-AE87-C9462BB18BCE}.Debug|Any CPU.ActiveCfg = Debug|Any CPU
		{9337F021-56B2-4B0E-AE87-C9462BB18BCE}.Debug|Any CPU.Build.0 = Debug|Any CPU
		{9337F021-56B2-4B0E-AE87-C9462BB18BCE}.Debug|x64.ActiveCfg = Debug|x64
		{9337F021-56B2-4B0E-AE87-C9462BB18BCE}.Debug|x64.Build.0 = Debug|x64
		{9337F021-56B2-4B0E-AE87-C9462BB18BCE}.Debug|x86.ActiveCfg = Debug|x86
		{9337F021-56B2-4B0E-AE87-C9462BB18BCE}.Debug|x86.Build.0 = Debug|x86
		{9337F021-56B2-4B0E-AE87-C9462BB18BCE}.Release|Any CPU.ActiveCfg = Release|Any CPU
		{9337F021-56B2-4B0E-AE87-C9462BB18BCE}.Release|Any CPU.Build.0 = Release|Any CPU
		{9337F021-56B2-4B0E-AE87-C9462BB18BCE}.Release|x64.ActiveCfg = Release|x64
		{9337F021-56B2-4B0E-AE87-C9462BB18BCE}.Release|x64.Build.0 = Release|x64
		{9337F021-56B2-4B0E-AE87-C9462BB18BCE}.Release|x86.ActiveCfg = Release|x86
		{9337F021-56B2-4B0E-AE87-C9462BB18BCE}.Release|x86.Build.0 = Release|x86
		{A17444BA-ED58-46E1-BBA4-673742AD4D2B}.Debug|Any CPU.ActiveCfg = Debug|Any CPU
		{A17444BA-ED58-46E1-BBA4-673742AD4D2B}.Debug|Any CPU.Build.0 = Debug|Any CPU
		{A17444BA-ED58-46E1-BBA4-673742AD4D2B}.Debug|x64.ActiveCfg = Debug|x64
		{A17444BA-ED58-46E1-BBA4-673742AD4D2B}.Debug|x64.Build.0 = Debug|x64
		{A17444BA-ED58-46E1-BBA4-673742AD4D2B}.Debug|x86.ActiveCfg = Debug|x86
		{A17444BA-ED58-46E1-BBA4-673742AD4D2B}.Debug|x86.Build.0 = Debug|x86
		{A17444BA-ED58-46E1-BBA4-673742AD4D2B}.Release|Any CPU.ActiveCfg = Release|Any CPU
		{A17444BA-ED58-46E1-BBA4-673742AD4D2B}.Release|Any CPU.Build.0 = Release|Any CPU
		{A17444BA-ED58-46E1-BBA4-673742AD4D2B}.Release|x64.ActiveCfg = Release|x64
		{A17444BA-ED58-46E1-BBA4-673742AD4D2B}.Release|x64.Build.0 = Release|x64
		{A17444BA-ED58-46E1-BBA4-673742AD4D2B}.Release|x86.ActiveCfg = Release|x86
		{A17444BA-ED58-46E1-BBA4-673742AD4D2B}.Release|x86.Build.0 = Release|x86
		{8DD5BA50-EB4C-415C-8E96-20C901392D41}.Debug|Any CPU.ActiveCfg = Debug|Any CPU
		{8DD5BA50-EB4C-415C-8E96-20C901392D41}.Debug|Any CPU.Build.0 = Debug|Any CPU
		{8DD5BA50-EB4C-415C-8E96-20C901392D41}.Debug|x64.ActiveCfg = Debug|x64
		{8DD5BA50-EB4C-415C-8E96-20C901392D41}.Debug|x64.Build.0 = Debug|x64
		{8DD5BA50-EB4C-415C-8E96-20C901392D41}.Debug|x86.ActiveCfg = Debug|x86
		{8DD5BA50-EB4C-415C-8E96-20C901392D41}.Debug|x86.Build.0 = Debug|x86
		{8DD5BA50-EB4C-415C-8E96-20C901392D41}.Release|Any CPU.ActiveCfg = Release|Any CPU
		{8DD5BA50-EB4C-415C-8E96-20C901392D41}.Release|Any CPU.Build.0 = Release|Any CPU
		{8DD5BA50-EB4C-415C-8E96-20C901392D41}.Release|x64.ActiveCfg = Release|x64
		{8DD5BA50-EB4C-415C-8E96-20C901392D41}.Release|x64.Build.0 = Release|x64
		{8DD5BA50-EB4C-415C-8E96-20C901392D41}.Release|x86.ActiveCfg = Release|x86
		{8DD5BA50-EB4C-415C-8E96-20C901392D41}.Release|x86.Build.0 = Release|x86
		{B302F04F-4305-41C4-9510-BEFA838A5DBD}.Debug|Any CPU.ActiveCfg = Debug|Any CPU
		{B302F04F-4305-41C4-9510-BEFA838A5DBD}.Debug|Any CPU.Build.0 = Debug|Any CPU
		{B302F04F-4305-41C4-9510-BEFA838A5DBD}.Debug|x64.ActiveCfg = Debug|x64
		{B302F04F-4305-41C4-9510-BEFA838A5DBD}.Debug|x64.Build.0 = Debug|x64
		{B302F04F-4305-41C4-9510-BEFA838A5DBD}.Debug|x86.ActiveCfg = Debug|x86
		{B302F04F-4305-41C4-9510-BEFA838A5DBD}.Debug|x86.Build.0 = Debug|x86
		{B302F04F-4305-41C4-9510-BEFA838A5DBD}.Release|Any CPU.ActiveCfg = Release|Any CPU
		{B302F04F-4305-41C4-9510-BEFA838A5DBD}.Release|Any CPU.Build.0 = Release|Any CPU
		{B302F04F-4305-41C4-9510-BEFA838A5DBD}.Release|x64.ActiveCfg = Release|x64
		{B302F04F-4305-41C4-9510-BEFA838A5DBD}.Release|x64.Build.0 = Release|x64
		{B302F04F-4305-41C4-9510-BEFA838A5DBD}.Release|x86.ActiveCfg = Release|x86
		{B302F04F-4305-41C4-9510-BEFA838A5DBD}.Release|x86.Build.0 = Release|x86
		{5F08E388-3755-4830-A637-17285FCEE1DC}.Debug|Any CPU.ActiveCfg = Debug|Any CPU
		{5F08E388-3755-4830-A637-17285FCEE1DC}.Debug|Any CPU.Build.0 = Debug|Any CPU
		{5F08E388-3755-4830-A637-17285FCEE1DC}.Debug|x64.ActiveCfg = Debug|x64
		{5F08E388-3755-4830-A637-17285FCEE1DC}.Debug|x64.Build.0 = Debug|x64
		{5F08E388-3755-4830-A637-17285FCEE1DC}.Debug|x86.ActiveCfg = Debug|x86
		{5F08E388-3755-4830-A637-17285FCEE1DC}.Debug|x86.Build.0 = Debug|x86
		{5F08E388-3755-4830-A637-17285FCEE1DC}.Release|Any CPU.ActiveCfg = Release|Any CPU
		{5F08E388-3755-4830-A637-17285FCEE1DC}.Release|Any CPU.Build.0 = Release|Any CPU
		{5F08E388-3755-4830-A637-17285FCEE1DC}.Release|x64.ActiveCfg = Release|x64
		{5F08E388-3755-4830-A637-17285FCEE1DC}.Release|x64.Build.0 = Release|x64
		{5F08E388-3755-4830-A637-17285FCEE1DC}.Release|x86.ActiveCfg = Release|x86
		{5F08E388-3755-4830-A637-17285FCEE1DC}.Release|x86.Build.0 = Release|x86
		{5EB2AD63-C49B-4361-90F5-966DB33A2028}.Debug|Any CPU.ActiveCfg = Debug|x64
		{5EB2AD63-C49B-4361-90F5-966DB33A2028}.Debug|x64.ActiveCfg = Debug|x64
		{5EB2AD63-C49B-4361-90F5-966DB33A2028}.Debug|x64.Build.0 = Debug|x64
		{5EB2AD63-C49B-4361-90F5-966DB33A2028}.Debug|x86.ActiveCfg = Debug|x64
		{5EB2AD63-C49B-4361-90F5-966DB33A2028}.Release|Any CPU.ActiveCfg = Release|x64
		{5EB2AD63-C49B-4361-90F5-966DB33A2028}.Release|x64.ActiveCfg = Release|x64
		{5EB2AD63-C49B-4361-90F5-966DB33A2028}.Release|x64.Build.0 = Release|x64
		{5EB2AD63-C49B-4361-90F5-966DB33A2028}.Release|x86.ActiveCfg = Release|x64
		{D26A75CE-C14A-4BBA-8B97-7C2B41C5128A}.Debug|Any CPU.ActiveCfg = Debug|x64
		{D26A75CE-C14A-4BBA-8B97-7C2B41C5128A}.Debug|x64.ActiveCfg = Debug|x64
		{D26A75CE-C14A-4BBA-8B97-7C2B41C5128A}.Debug|x64.Build.0 = Debug|x64
		{D26A75CE-C14A-4BBA-8B97-7C2B41C5128A}.Debug|x86.ActiveCfg = Debug|x64
		{D26A75CE-C14A-4BBA-8B97-7C2B41C5128A}.Release|Any CPU.ActiveCfg = Release|x64
		{D26A75CE-C14A-4BBA-8B97-7C2B41C5128A}.Release|x64.ActiveCfg = Release|x64
		{D26A75CE-C14A-4BBA-8B97-7C2B41C5128A}.Release|x64.Build.0 = Release|x64
		{D26A75CE-C14A-4BBA-8B97-7C2B41C5128A}.Release|x64.Deploy.0 = Release|x64
		{D26A75CE-C14A-4BBA-8B97-7C2B41C5128A}.Release|x86.ActiveCfg = Release|x64
	EndGlobalSection
	GlobalSection(SolutionProperties) = preSolution
		HideSolutionNode = FALSE
	EndGlobalSection
	GlobalSection(NestedProjects) = preSolution
		{A17444BA-ED58-46E1-BBA4-673742AD4D2B} = {39A40959-1AC8-4EE7-8D66-911EAEF0E3E9}
		{8DD5BA50-EB4C-415C-8E96-20C901392D41} = {39A40959-1AC8-4EE7-8D66-911EAEF0E3E9}
		{B302F04F-4305-41C4-9510-BEFA838A5DBD} = {39A40959-1AC8-4EE7-8D66-911EAEF0E3E9}
		{5F08E388-3755-4830-A637-17285FCEE1DC} = {39A40959-1AC8-4EE7-8D66-911EAEF0E3E9}
		{5EB2AD63-C49B-4361-90F5-966DB33A2028} = {E6AD9B6C-83DE-40C7-BB9C-4DA23375B9A0}
		{D26A75CE-C14A-4BBA-8B97-7C2B41C5128A} = {E6AD9B6C-83DE-40C7-BB9C-4DA23375B9A0}
	EndGlobalSection
	GlobalSection(ExtensibilityGlobals) = postSolution
		SolutionGuid = {9DC1D999-9E56-4260-80C2-5363ADC7AE8D}
	EndGlobalSection
EndGlobal
