
Microsoft Visual Studio Solution File, Format Version 12.00
# Visual Studio Version 16
VisualStudioVersion = 16.0.29020.237
MinimumVisualStudioVersion = 10.0.40219.1
Project("{2150E333-8FDC-42A3-9474-1A3956D46DE8}") = "Configuration", "Configuration", "{6869E029-8AC3-4E55-9CBB-6BB04355E110}"
EndProject
Project("{9A19103F-16F7-4668-BE54-9A1E7A4F7556}") = "DataArt.Atlas.Configuration", "DataArt.Atlas.Configuration\DataArt.Atlas.Configuration.csproj", "{DD836363-A285-49B9-A2FC-7A251B4179F4}"
EndProject
Project("{9A19103F-16F7-4668-BE54-9A1E7A4F7556}") = "DataArt.Atlas.Configuration.File", "DataArt.Atlas.Configuration.File\DataArt.Atlas.Configuration.File.csproj", "{24060A34-6941-4ECF-A978-0FD5A04CA265}"
EndProject
Project("{9A19103F-16F7-4668-BE54-9A1E7A4F7556}") = "DataArt.Atlas.Configuration.Fabric", "DataArt.Atlas.Configuration.Fabric\DataArt.Atlas.Configuration.Fabric.csproj", "{77D2254E-63A3-4786-A9B8-2BB507E17391}"
EndProject
Project("{2150E333-8FDC-42A3-9474-1A3956D46DE8}") = "Discovery", "Discovery", "{6194BD38-AE37-4DBB-B222-33056C075513}"
EndProject
Project("{9A19103F-16F7-4668-BE54-9A1E7A4F7556}") = "DataArt.Atlas.Core.ServiceDiscovery", "DataArt.Atlas.Core.ServiceDiscovery\DataArt.Atlas.Core.ServiceDiscovery.csproj", "{97217A34-E689-4172-A57B-7702E1BA7E18}"
EndProject
Project("{9A19103F-16F7-4668-BE54-9A1E7A4F7556}") = "DataArt.Atlas.Core.ServiceDiscovery.File", "DataArt.Atlas.Core.ServiceDiscovery.File\DataArt.Atlas.Core.ServiceDiscovery.File.csproj", "{A46D1C19-D168-4EB6-A5ED-005144CA39A6}"
EndProject
Project("{9A19103F-16F7-4668-BE54-9A1E7A4F7556}") = "DataArt.Atlas.ServiceDiscovery.Fabric", "DataArt.Atlas.ServiceDiscovery.Fabric\DataArt.Atlas.ServiceDiscovery.Fabric.csproj", "{7AFA818B-43EB-4EE9-B862-C5740B1B5C72}"
EndProject
Project("{2150E333-8FDC-42A3-9474-1A3956D46DE8}") = "Hosting", "Hosting", "{5D63E0A4-9625-4396-A865-190C29336BA2}"
EndProject
Project("{9A19103F-16F7-4668-BE54-9A1E7A4F7556}") = "DataArt.Atlas.Hosting.Fabric", "DataArt.Atlas.Hosting.Fabric\DataArt.Atlas.Hosting.Fabric.csproj", "{09A83E53-1254-4E66-A7B0-DAAC5D6F09F2}"
EndProject
Project("{9A19103F-16F7-4668-BE54-9A1E7A4F7556}") = "DataArt.Atlas.Hosting.Console", "DataArt.Atlas.Hosting.Console\DataArt.Atlas.Hosting.Console.csproj", "{C6A325F1-9FE6-439B-B540-5A0BCB1D66DB}"
EndProject
Project("{9A19103F-16F7-4668-BE54-9A1E7A4F7556}") = "DataArt.Atlas.Core.Logging", "DataArt.Atlas.Core.Logging\DataArt.Atlas.Core.Logging.csproj", "{43326EE5-F775-4E4C-B784-032F2E798704}"
EndProject
Project("{9A19103F-16F7-4668-BE54-9A1E7A4F7556}") = "DataArt.Atlas.Core", "DataArt.Atlas.Core\DataArt.Atlas.Core.csproj", "{89E1D419-648F-49A9-9ED4-0142E8B6636B}"
EndProject
Project("{9A19103F-16F7-4668-BE54-9A1E7A4F7556}") = "DataArt.Atlas.Azure.Logging.AppInsights", "DataArt.Atlas.Azure.Logging.AppInsights\DataArt.Atlas.Azure.Logging.AppInsights.csproj", "{EC9AD5AE-086F-4F95-A213-BC5DF7EDD4F1}"
EndProject
Project("{2150E333-8FDC-42A3-9474-1A3956D46DE8}") = "Messaging", "Messaging", "{DBD7F32A-D1AC-4009-B0F2-02071407F72B}"
EndProject
Project("{9A19103F-16F7-4668-BE54-9A1E7A4F7556}") = "DataArt.Atlas.Core.Messaging", "DataArt.Atlas.Core.Messaging\DataArt.Atlas.Core.Messaging.csproj", "{47E430C2-AED6-4589-8BED-CFD0672D2579}"
EndProject
Project("{9A19103F-16F7-4668-BE54-9A1E7A4F7556}") = "DataArt.Atlas.Messaging.MassTransit", "DataArt.Atlas.Messaging.MassTransit\DataArt.Atlas.Messaging.MassTransit.csproj", "{7B729D1A-B1E6-4788-859F-CED35BE5F6B3}"
EndProject
Project("{9A19103F-16F7-4668-BE54-9A1E7A4F7556}") = "DataArt.Atlas.Messaging.RabbitMQ", "DataArt.Atlas.Messaging.RabbitMQ\DataArt.Atlas.Messaging.RabbitMQ.csproj", "{047A5D3E-3ACA-4B4B-B6FD-B1BC718E3159}"
EndProject
Project("{9A19103F-16F7-4668-BE54-9A1E7A4F7556}") = "DataArt.Atlas.Client", "DataArt.Atlas.WebCommunication\DataArt.Atlas.Client.csproj", "{C707DA55-72CE-4C2C-9F4A-4FDAC75DAABB}"
EndProject
Project("{9A19103F-16F7-4668-BE54-9A1E7A4F7556}") = "DataArt.Atlas.Server", "DataArt.Atlas.Server\DataArt.Atlas.Server.csproj", "{7F4711B9-FCA7-40B7-A324-2E29BCDE57F4}"
EndProject
Project("{9A19103F-16F7-4668-BE54-9A1E7A4F7556}") = "DataArt.Atlas.Azure.Messaging.AzureServiceBus", "DataArt.Atlas.Azure.Messaging.AzureServiceBus\DataArt.Atlas.Azure.Messaging.AzureServiceBus.csproj", "{25927517-BF48-4DD3-BD3A-2AC8172BD14B}"
EndProject
Project("{2150E333-8FDC-42A3-9474-1A3956D46DE8}") = "Scheduler", "Scheduler", "{FC4C0AE0-820B-42FE-8E66-56CBD477FD5E}"
EndProject
Project("{9A19103F-16F7-4668-BE54-9A1E7A4F7556}") = "DataArt.Atlas.Service.Scheduler.Sdk", "DataArt.Atlas.Service.Scheduler.Sdk\DataArt.Atlas.Service.Scheduler.Sdk.csproj", "{7E21C240-5FAF-47D6-A205-2B7BBB7DD943}"
EndProject
Project("{9A19103F-16F7-4668-BE54-9A1E7A4F7556}") = "DataArt.Atlas.Service.Scheduler", "DataArt.Atlas.Service.Scheduler\DataArt.Atlas.Service.Scheduler.csproj", "{E6AD8ECA-A73F-406E-82E3-ED801BBEF336}"
EndProject
Project("{9A19103F-16F7-4668-BE54-9A1E7A4F7556}") = "DataArt.Atlas.Tests.Common", "DataArt.Atlas.Tests.Common\DataArt.Atlas.Tests.Common.csproj", "{63924F69-0CBF-41F1-B7B3-1D47B2D82F5D}"
EndProject
Project("{2150E333-8FDC-42A3-9474-1A3956D46DE8}") = "DataAccess", "DataAccess", "{505968B5-31D2-4314-94C9-740E67338399}"
EndProject
Project("{9A19103F-16F7-4668-BE54-9A1E7A4F7556}") = "DataArt.Atlas.DataAccess.EntityFramework.MsSql", "DataArt.Atlas.DataAccess.EntityFramework.MsSql\DataArt.Atlas.DataAccess.EntityFramework.MsSql.csproj", "{F9533F7B-95FD-4739-B3DB-371BC62EC657}"
EndProject
Project("{9A19103F-16F7-4668-BE54-9A1E7A4F7556}") = "DataArt.Atlas.Azure.FileStorage", "DataArt.Atlas.Azure.FileStorage\DataArt.Atlas.Azure.FileStorage.csproj", "{1DB6D3CF-B780-4E70-BC22-81065DAE05F3}"
EndProject
Project("{2150E333-8FDC-42A3-9474-1A3956D46DE8}") = "Tests", "Tests", "{B28621B1-46B9-4EA0-B2C7-385964906BB4}"
EndProject
Project("{FAE04EC0-301F-11D3-BF4B-00C04F79EFBC}") = "DataArt.Atlas.Core.HealthCheck", "DataArt.Atlas.Core.HealthCheck\DataArt.Atlas.Core.HealthCheck.csproj", "{43344DDA-336B-44AA-84D2-2EC7942EEC61}"
EndProject
Project("{FAE04EC0-301F-11D3-BF4B-00C04F79EFBC}") = "DataArt.Atlas.Core.FileStorage", "DataArt.Atlas.Core.FileStorage\DataArt.Atlas.Core.FileStorage.csproj", "{FF8E3F81-53DF-42F2-A2B4-928864E16D7E}"
EndProject
Project("{2150E333-8FDC-42A3-9474-1A3956D46DE8}") = "Solution Items", "Solution Items", "{633AB375-4626-4915-BB57-8B221085BF1D}"
ProjectSection(SolutionItems) = preProject
	Directory.Build.props = Directory.Build.props
	code.shared.props = code.shared.props
	code.analyzers.ruleset = code.analyzers.ruleset
EndProjectSection
EndProject
Project("{FAE04EC0-301F-11D3-BF4B-00C04F79EFBC}") = "DataArt.Atlas.Samples.Core3Samples", "..\samples\core3\DataArt.Atlas.Samples.Core3Samples\DataArt.Atlas.Samples.Core3Samples.csproj", "{109B3CEE-66E9-4504-B27D-E6D6408B02C2}"
EndProject

Global
	GlobalSection(SolutionConfigurationPlatforms) = preSolution
		Debug|Any CPU = Debug|Any CPU
		Debug|x64 = Debug|x64
		Release|Any CPU = Release|Any CPU
		Release|x64 = Release|x64
	EndGlobalSection
	GlobalSection(ProjectConfigurationPlatforms) = postSolution
		{DD836363-A285-49B9-A2FC-7A251B4179F4}.Debug|Any CPU.ActiveCfg = Debug|Any CPU
		{DD836363-A285-49B9-A2FC-7A251B4179F4}.Debug|Any CPU.Build.0 = Debug|Any CPU
		{DD836363-A285-49B9-A2FC-7A251B4179F4}.Debug|x64.ActiveCfg = Debug|Any CPU
		{DD836363-A285-49B9-A2FC-7A251B4179F4}.Debug|x64.Build.0 = Debug|Any CPU
		{DD836363-A285-49B9-A2FC-7A251B4179F4}.Release|Any CPU.ActiveCfg = Release|Any CPU
		{DD836363-A285-49B9-A2FC-7A251B4179F4}.Release|Any CPU.Build.0 = Release|Any CPU
		{DD836363-A285-49B9-A2FC-7A251B4179F4}.Release|x64.ActiveCfg = Release|Any CPU
		{DD836363-A285-49B9-A2FC-7A251B4179F4}.Release|x64.Build.0 = Release|Any CPU
		{24060A34-6941-4ECF-A978-0FD5A04CA265}.Debug|Any CPU.ActiveCfg = Debug|Any CPU
		{24060A34-6941-4ECF-A978-0FD5A04CA265}.Debug|Any CPU.Build.0 = Debug|Any CPU
		{24060A34-6941-4ECF-A978-0FD5A04CA265}.Debug|x64.ActiveCfg = Debug|Any CPU
		{24060A34-6941-4ECF-A978-0FD5A04CA265}.Debug|x64.Build.0 = Debug|Any CPU
		{24060A34-6941-4ECF-A978-0FD5A04CA265}.Release|Any CPU.ActiveCfg = Release|Any CPU
		{24060A34-6941-4ECF-A978-0FD5A04CA265}.Release|Any CPU.Build.0 = Release|Any CPU
		{24060A34-6941-4ECF-A978-0FD5A04CA265}.Release|x64.ActiveCfg = Release|Any CPU
		{24060A34-6941-4ECF-A978-0FD5A04CA265}.Release|x64.Build.0 = Release|Any CPU
		{77D2254E-63A3-4786-A9B8-2BB507E17391}.Debug|Any CPU.ActiveCfg = Debug|Any CPU
		{77D2254E-63A3-4786-A9B8-2BB507E17391}.Debug|Any CPU.Build.0 = Debug|Any CPU
		{77D2254E-63A3-4786-A9B8-2BB507E17391}.Debug|x64.ActiveCfg = Debug|Any CPU
		{77D2254E-63A3-4786-A9B8-2BB507E17391}.Debug|x64.Build.0 = Debug|Any CPU
		{77D2254E-63A3-4786-A9B8-2BB507E17391}.Release|Any CPU.ActiveCfg = Release|Any CPU
		{77D2254E-63A3-4786-A9B8-2BB507E17391}.Release|Any CPU.Build.0 = Release|Any CPU
		{77D2254E-63A3-4786-A9B8-2BB507E17391}.Release|x64.ActiveCfg = Release|Any CPU
		{77D2254E-63A3-4786-A9B8-2BB507E17391}.Release|x64.Build.0 = Release|Any CPU
		{97217A34-E689-4172-A57B-7702E1BA7E18}.Debug|Any CPU.ActiveCfg = Debug|Any CPU
		{97217A34-E689-4172-A57B-7702E1BA7E18}.Debug|Any CPU.Build.0 = Debug|Any CPU
		{97217A34-E689-4172-A57B-7702E1BA7E18}.Debug|x64.ActiveCfg = Debug|Any CPU
		{97217A34-E689-4172-A57B-7702E1BA7E18}.Debug|x64.Build.0 = Debug|Any CPU
		{97217A34-E689-4172-A57B-7702E1BA7E18}.Release|Any CPU.ActiveCfg = Release|Any CPU
		{97217A34-E689-4172-A57B-7702E1BA7E18}.Release|Any CPU.Build.0 = Release|Any CPU
		{97217A34-E689-4172-A57B-7702E1BA7E18}.Release|x64.ActiveCfg = Release|Any CPU
		{97217A34-E689-4172-A57B-7702E1BA7E18}.Release|x64.Build.0 = Release|Any CPU
		{A46D1C19-D168-4EB6-A5ED-005144CA39A6}.Debug|Any CPU.ActiveCfg = Debug|Any CPU
		{A46D1C19-D168-4EB6-A5ED-005144CA39A6}.Debug|Any CPU.Build.0 = Debug|Any CPU
		{A46D1C19-D168-4EB6-A5ED-005144CA39A6}.Debug|x64.ActiveCfg = Debug|Any CPU
		{A46D1C19-D168-4EB6-A5ED-005144CA39A6}.Debug|x64.Build.0 = Debug|Any CPU
		{A46D1C19-D168-4EB6-A5ED-005144CA39A6}.Release|Any CPU.ActiveCfg = Release|Any CPU
		{A46D1C19-D168-4EB6-A5ED-005144CA39A6}.Release|Any CPU.Build.0 = Release|Any CPU
		{A46D1C19-D168-4EB6-A5ED-005144CA39A6}.Release|x64.ActiveCfg = Release|Any CPU
		{A46D1C19-D168-4EB6-A5ED-005144CA39A6}.Release|x64.Build.0 = Release|Any CPU
		{7AFA818B-43EB-4EE9-B862-C5740B1B5C72}.Debug|Any CPU.ActiveCfg = Debug|Any CPU
		{7AFA818B-43EB-4EE9-B862-C5740B1B5C72}.Debug|Any CPU.Build.0 = Debug|Any CPU
		{7AFA818B-43EB-4EE9-B862-C5740B1B5C72}.Debug|x64.ActiveCfg = Debug|Any CPU
		{7AFA818B-43EB-4EE9-B862-C5740B1B5C72}.Debug|x64.Build.0 = Debug|Any CPU
		{7AFA818B-43EB-4EE9-B862-C5740B1B5C72}.Release|Any CPU.ActiveCfg = Release|Any CPU
		{7AFA818B-43EB-4EE9-B862-C5740B1B5C72}.Release|Any CPU.Build.0 = Release|Any CPU
		{7AFA818B-43EB-4EE9-B862-C5740B1B5C72}.Release|x64.ActiveCfg = Release|Any CPU
		{7AFA818B-43EB-4EE9-B862-C5740B1B5C72}.Release|x64.Build.0 = Release|Any CPU
		{09A83E53-1254-4E66-A7B0-DAAC5D6F09F2}.Debug|Any CPU.ActiveCfg = Debug|Any CPU
		{09A83E53-1254-4E66-A7B0-DAAC5D6F09F2}.Debug|Any CPU.Build.0 = Debug|Any CPU
		{09A83E53-1254-4E66-A7B0-DAAC5D6F09F2}.Debug|x64.ActiveCfg = Debug|Any CPU
		{09A83E53-1254-4E66-A7B0-DAAC5D6F09F2}.Debug|x64.Build.0 = Debug|Any CPU
		{09A83E53-1254-4E66-A7B0-DAAC5D6F09F2}.Release|Any CPU.ActiveCfg = Release|Any CPU
		{09A83E53-1254-4E66-A7B0-DAAC5D6F09F2}.Release|Any CPU.Build.0 = Release|Any CPU
		{09A83E53-1254-4E66-A7B0-DAAC5D6F09F2}.Release|x64.ActiveCfg = Release|Any CPU
		{09A83E53-1254-4E66-A7B0-DAAC5D6F09F2}.Release|x64.Build.0 = Release|Any CPU
		{C6A325F1-9FE6-439B-B540-5A0BCB1D66DB}.Debug|Any CPU.ActiveCfg = Debug|Any CPU
		{C6A325F1-9FE6-439B-B540-5A0BCB1D66DB}.Debug|Any CPU.Build.0 = Debug|Any CPU
		{C6A325F1-9FE6-439B-B540-5A0BCB1D66DB}.Debug|x64.ActiveCfg = Debug|Any CPU
		{C6A325F1-9FE6-439B-B540-5A0BCB1D66DB}.Debug|x64.Build.0 = Debug|Any CPU
		{C6A325F1-9FE6-439B-B540-5A0BCB1D66DB}.Release|Any CPU.ActiveCfg = Release|Any CPU
		{C6A325F1-9FE6-439B-B540-5A0BCB1D66DB}.Release|Any CPU.Build.0 = Release|Any CPU
		{C6A325F1-9FE6-439B-B540-5A0BCB1D66DB}.Release|x64.ActiveCfg = Release|Any CPU
		{C6A325F1-9FE6-439B-B540-5A0BCB1D66DB}.Release|x64.Build.0 = Release|Any CPU
		{43326EE5-F775-4E4C-B784-032F2E798704}.Debug|Any CPU.ActiveCfg = Debug|Any CPU
		{43326EE5-F775-4E4C-B784-032F2E798704}.Debug|Any CPU.Build.0 = Debug|Any CPU
		{43326EE5-F775-4E4C-B784-032F2E798704}.Debug|x64.ActiveCfg = Debug|Any CPU
		{43326EE5-F775-4E4C-B784-032F2E798704}.Debug|x64.Build.0 = Debug|Any CPU
		{43326EE5-F775-4E4C-B784-032F2E798704}.Release|Any CPU.ActiveCfg = Release|Any CPU
		{43326EE5-F775-4E4C-B784-032F2E798704}.Release|Any CPU.Build.0 = Release|Any CPU
		{43326EE5-F775-4E4C-B784-032F2E798704}.Release|x64.ActiveCfg = Release|Any CPU
		{43326EE5-F775-4E4C-B784-032F2E798704}.Release|x64.Build.0 = Release|Any CPU
		{89E1D419-648F-49A9-9ED4-0142E8B6636B}.Debug|Any CPU.ActiveCfg = Debug|Any CPU
		{89E1D419-648F-49A9-9ED4-0142E8B6636B}.Debug|Any CPU.Build.0 = Debug|Any CPU
		{89E1D419-648F-49A9-9ED4-0142E8B6636B}.Debug|x64.ActiveCfg = Debug|Any CPU
		{89E1D419-648F-49A9-9ED4-0142E8B6636B}.Debug|x64.Build.0 = Debug|Any CPU
		{89E1D419-648F-49A9-9ED4-0142E8B6636B}.Release|Any CPU.ActiveCfg = Release|Any CPU
		{89E1D419-648F-49A9-9ED4-0142E8B6636B}.Release|Any CPU.Build.0 = Release|Any CPU
		{89E1D419-648F-49A9-9ED4-0142E8B6636B}.Release|x64.ActiveCfg = Release|Any CPU
		{89E1D419-648F-49A9-9ED4-0142E8B6636B}.Release|x64.Build.0 = Release|Any CPU
		{EC9AD5AE-086F-4F95-A213-BC5DF7EDD4F1}.Debug|Any CPU.ActiveCfg = Debug|Any CPU
		{EC9AD5AE-086F-4F95-A213-BC5DF7EDD4F1}.Debug|Any CPU.Build.0 = Debug|Any CPU
		{EC9AD5AE-086F-4F95-A213-BC5DF7EDD4F1}.Debug|x64.ActiveCfg = Debug|Any CPU
		{EC9AD5AE-086F-4F95-A213-BC5DF7EDD4F1}.Debug|x64.Build.0 = Debug|Any CPU
		{EC9AD5AE-086F-4F95-A213-BC5DF7EDD4F1}.Release|Any CPU.ActiveCfg = Release|Any CPU
		{EC9AD5AE-086F-4F95-A213-BC5DF7EDD4F1}.Release|Any CPU.Build.0 = Release|Any CPU
		{EC9AD5AE-086F-4F95-A213-BC5DF7EDD4F1}.Release|x64.ActiveCfg = Release|Any CPU
		{EC9AD5AE-086F-4F95-A213-BC5DF7EDD4F1}.Release|x64.Build.0 = Release|Any CPU
		{47E430C2-AED6-4589-8BED-CFD0672D2579}.Debug|Any CPU.ActiveCfg = Debug|Any CPU
		{47E430C2-AED6-4589-8BED-CFD0672D2579}.Debug|Any CPU.Build.0 = Debug|Any CPU
		{47E430C2-AED6-4589-8BED-CFD0672D2579}.Debug|x64.ActiveCfg = Debug|Any CPU
		{47E430C2-AED6-4589-8BED-CFD0672D2579}.Debug|x64.Build.0 = Debug|Any CPU
		{47E430C2-AED6-4589-8BED-CFD0672D2579}.Release|Any CPU.ActiveCfg = Release|Any CPU
		{47E430C2-AED6-4589-8BED-CFD0672D2579}.Release|Any CPU.Build.0 = Release|Any CPU
		{47E430C2-AED6-4589-8BED-CFD0672D2579}.Release|x64.ActiveCfg = Release|Any CPU
		{47E430C2-AED6-4589-8BED-CFD0672D2579}.Release|x64.Build.0 = Release|Any CPU
		{7B729D1A-B1E6-4788-859F-CED35BE5F6B3}.Debug|Any CPU.ActiveCfg = Debug|Any CPU
		{7B729D1A-B1E6-4788-859F-CED35BE5F6B3}.Debug|Any CPU.Build.0 = Debug|Any CPU
		{7B729D1A-B1E6-4788-859F-CED35BE5F6B3}.Debug|x64.ActiveCfg = Debug|Any CPU
		{7B729D1A-B1E6-4788-859F-CED35BE5F6B3}.Debug|x64.Build.0 = Debug|Any CPU
		{7B729D1A-B1E6-4788-859F-CED35BE5F6B3}.Release|Any CPU.ActiveCfg = Release|Any CPU
		{7B729D1A-B1E6-4788-859F-CED35BE5F6B3}.Release|Any CPU.Build.0 = Release|Any CPU
		{7B729D1A-B1E6-4788-859F-CED35BE5F6B3}.Release|x64.ActiveCfg = Release|Any CPU
		{7B729D1A-B1E6-4788-859F-CED35BE5F6B3}.Release|x64.Build.0 = Release|Any CPU
		{047A5D3E-3ACA-4B4B-B6FD-B1BC718E3159}.Debug|Any CPU.ActiveCfg = Debug|Any CPU
		{047A5D3E-3ACA-4B4B-B6FD-B1BC718E3159}.Debug|Any CPU.Build.0 = Debug|Any CPU
		{047A5D3E-3ACA-4B4B-B6FD-B1BC718E3159}.Debug|x64.ActiveCfg = Debug|Any CPU
		{047A5D3E-3ACA-4B4B-B6FD-B1BC718E3159}.Debug|x64.Build.0 = Debug|Any CPU
		{047A5D3E-3ACA-4B4B-B6FD-B1BC718E3159}.Release|Any CPU.ActiveCfg = Release|Any CPU
		{047A5D3E-3ACA-4B4B-B6FD-B1BC718E3159}.Release|Any CPU.Build.0 = Release|Any CPU
		{047A5D3E-3ACA-4B4B-B6FD-B1BC718E3159}.Release|x64.ActiveCfg = Release|Any CPU
		{047A5D3E-3ACA-4B4B-B6FD-B1BC718E3159}.Release|x64.Build.0 = Release|Any CPU
		{C707DA55-72CE-4C2C-9F4A-4FDAC75DAABB}.Debug|Any CPU.ActiveCfg = Debug|Any CPU
		{C707DA55-72CE-4C2C-9F4A-4FDAC75DAABB}.Debug|Any CPU.Build.0 = Debug|Any CPU
		{C707DA55-72CE-4C2C-9F4A-4FDAC75DAABB}.Debug|x64.ActiveCfg = Debug|Any CPU
		{C707DA55-72CE-4C2C-9F4A-4FDAC75DAABB}.Debug|x64.Build.0 = Debug|Any CPU
		{C707DA55-72CE-4C2C-9F4A-4FDAC75DAABB}.Release|Any CPU.ActiveCfg = Release|Any CPU
		{C707DA55-72CE-4C2C-9F4A-4FDAC75DAABB}.Release|Any CPU.Build.0 = Release|Any CPU
		{C707DA55-72CE-4C2C-9F4A-4FDAC75DAABB}.Release|x64.ActiveCfg = Release|Any CPU
		{C707DA55-72CE-4C2C-9F4A-4FDAC75DAABB}.Release|x64.Build.0 = Release|Any CPU
		{7F4711B9-FCA7-40B7-A324-2E29BCDE57F4}.Debug|Any CPU.ActiveCfg = Debug|Any CPU
		{7F4711B9-FCA7-40B7-A324-2E29BCDE57F4}.Debug|Any CPU.Build.0 = Debug|Any CPU
		{7F4711B9-FCA7-40B7-A324-2E29BCDE57F4}.Debug|x64.ActiveCfg = Debug|Any CPU
		{7F4711B9-FCA7-40B7-A324-2E29BCDE57F4}.Debug|x64.Build.0 = Debug|Any CPU
		{7F4711B9-FCA7-40B7-A324-2E29BCDE57F4}.Release|Any CPU.ActiveCfg = Release|Any CPU
		{7F4711B9-FCA7-40B7-A324-2E29BCDE57F4}.Release|Any CPU.Build.0 = Release|Any CPU
		{7F4711B9-FCA7-40B7-A324-2E29BCDE57F4}.Release|x64.ActiveCfg = Release|Any CPU
		{7F4711B9-FCA7-40B7-A324-2E29BCDE57F4}.Release|x64.Build.0 = Release|Any CPU
		{25927517-BF48-4DD3-BD3A-2AC8172BD14B}.Debug|Any CPU.ActiveCfg = Debug|Any CPU
		{25927517-BF48-4DD3-BD3A-2AC8172BD14B}.Debug|Any CPU.Build.0 = Debug|Any CPU
		{25927517-BF48-4DD3-BD3A-2AC8172BD14B}.Debug|x64.ActiveCfg = Debug|Any CPU
		{25927517-BF48-4DD3-BD3A-2AC8172BD14B}.Debug|x64.Build.0 = Debug|Any CPU
		{25927517-BF48-4DD3-BD3A-2AC8172BD14B}.Release|Any CPU.ActiveCfg = Release|Any CPU
		{25927517-BF48-4DD3-BD3A-2AC8172BD14B}.Release|Any CPU.Build.0 = Release|Any CPU
		{25927517-BF48-4DD3-BD3A-2AC8172BD14B}.Release|x64.ActiveCfg = Release|Any CPU
		{25927517-BF48-4DD3-BD3A-2AC8172BD14B}.Release|x64.Build.0 = Release|Any CPU
		{7E21C240-5FAF-47D6-A205-2B7BBB7DD943}.Debug|Any CPU.ActiveCfg = Debug|Any CPU
		{7E21C240-5FAF-47D6-A205-2B7BBB7DD943}.Debug|Any CPU.Build.0 = Debug|Any CPU
		{7E21C240-5FAF-47D6-A205-2B7BBB7DD943}.Debug|x64.ActiveCfg = Debug|Any CPU
		{7E21C240-5FAF-47D6-A205-2B7BBB7DD943}.Debug|x64.Build.0 = Debug|Any CPU
		{7E21C240-5FAF-47D6-A205-2B7BBB7DD943}.Release|Any CPU.ActiveCfg = Release|Any CPU
		{7E21C240-5FAF-47D6-A205-2B7BBB7DD943}.Release|Any CPU.Build.0 = Release|Any CPU
		{7E21C240-5FAF-47D6-A205-2B7BBB7DD943}.Release|x64.ActiveCfg = Release|Any CPU
		{7E21C240-5FAF-47D6-A205-2B7BBB7DD943}.Release|x64.Build.0 = Release|Any CPU
		{E6AD8ECA-A73F-406E-82E3-ED801BBEF336}.Debug|Any CPU.ActiveCfg = Debug|Any CPU
		{E6AD8ECA-A73F-406E-82E3-ED801BBEF336}.Debug|Any CPU.Build.0 = Debug|Any CPU
		{E6AD8ECA-A73F-406E-82E3-ED801BBEF336}.Debug|x64.ActiveCfg = Debug|Any CPU
		{E6AD8ECA-A73F-406E-82E3-ED801BBEF336}.Debug|x64.Build.0 = Debug|Any CPU
		{E6AD8ECA-A73F-406E-82E3-ED801BBEF336}.Release|Any CPU.ActiveCfg = Release|Any CPU
		{E6AD8ECA-A73F-406E-82E3-ED801BBEF336}.Release|Any CPU.Build.0 = Release|Any CPU
		{E6AD8ECA-A73F-406E-82E3-ED801BBEF336}.Release|x64.ActiveCfg = Release|Any CPU
		{E6AD8ECA-A73F-406E-82E3-ED801BBEF336}.Release|x64.Build.0 = Release|Any CPU
		{63924F69-0CBF-41F1-B7B3-1D47B2D82F5D}.Debug|Any CPU.ActiveCfg = Debug|Any CPU
		{63924F69-0CBF-41F1-B7B3-1D47B2D82F5D}.Debug|Any CPU.Build.0 = Debug|Any CPU
		{63924F69-0CBF-41F1-B7B3-1D47B2D82F5D}.Debug|x64.ActiveCfg = Debug|Any CPU
		{63924F69-0CBF-41F1-B7B3-1D47B2D82F5D}.Debug|x64.Build.0 = Debug|Any CPU
		{63924F69-0CBF-41F1-B7B3-1D47B2D82F5D}.Release|Any CPU.ActiveCfg = Release|Any CPU
		{63924F69-0CBF-41F1-B7B3-1D47B2D82F5D}.Release|Any CPU.Build.0 = Release|Any CPU
		{63924F69-0CBF-41F1-B7B3-1D47B2D82F5D}.Release|x64.ActiveCfg = Release|Any CPU
		{63924F69-0CBF-41F1-B7B3-1D47B2D82F5D}.Release|x64.Build.0 = Release|Any CPU
		{F9533F7B-95FD-4739-B3DB-371BC62EC657}.Debug|Any CPU.ActiveCfg = Debug|Any CPU
		{F9533F7B-95FD-4739-B3DB-371BC62EC657}.Debug|Any CPU.Build.0 = Debug|Any CPU
		{F9533F7B-95FD-4739-B3DB-371BC62EC657}.Debug|x64.ActiveCfg = Debug|Any CPU
		{F9533F7B-95FD-4739-B3DB-371BC62EC657}.Debug|x64.Build.0 = Debug|Any CPU
		{F9533F7B-95FD-4739-B3DB-371BC62EC657}.Release|Any CPU.ActiveCfg = Release|Any CPU
		{F9533F7B-95FD-4739-B3DB-371BC62EC657}.Release|Any CPU.Build.0 = Release|Any CPU
		{F9533F7B-95FD-4739-B3DB-371BC62EC657}.Release|x64.ActiveCfg = Release|Any CPU
		{F9533F7B-95FD-4739-B3DB-371BC62EC657}.Release|x64.Build.0 = Release|Any CPU
		{1DB6D3CF-B780-4E70-BC22-81065DAE05F3}.Debug|Any CPU.ActiveCfg = Debug|Any CPU
		{1DB6D3CF-B780-4E70-BC22-81065DAE05F3}.Debug|Any CPU.Build.0 = Debug|Any CPU
		{1DB6D3CF-B780-4E70-BC22-81065DAE05F3}.Debug|x64.ActiveCfg = Debug|Any CPU
		{1DB6D3CF-B780-4E70-BC22-81065DAE05F3}.Debug|x64.Build.0 = Debug|Any CPU
		{1DB6D3CF-B780-4E70-BC22-81065DAE05F3}.Release|Any CPU.ActiveCfg = Release|Any CPU
		{1DB6D3CF-B780-4E70-BC22-81065DAE05F3}.Release|Any CPU.Build.0 = Release|Any CPU
		{1DB6D3CF-B780-4E70-BC22-81065DAE05F3}.Release|x64.ActiveCfg = Release|Any CPU
		{1DB6D3CF-B780-4E70-BC22-81065DAE05F3}.Release|x64.Build.0 = Release|Any CPU
		{4E88A128-31AD-4392-8DF2-87A6438BFFBA}.Debug|Any CPU.ActiveCfg = Debug|Any CPU
		{4E88A128-31AD-4392-8DF2-87A6438BFFBA}.Debug|Any CPU.Build.0 = Debug|Any CPU
		{4E88A128-31AD-4392-8DF2-87A6438BFFBA}.Debug|x64.ActiveCfg = Debug|Any CPU
		{4E88A128-31AD-4392-8DF2-87A6438BFFBA}.Debug|x64.Build.0 = Debug|Any CPU
		{4E88A128-31AD-4392-8DF2-87A6438BFFBA}.Release|Any CPU.ActiveCfg = Release|Any CPU
		{4E88A128-31AD-4392-8DF2-87A6438BFFBA}.Release|Any CPU.Build.0 = Release|Any CPU
		{4E88A128-31AD-4392-8DF2-87A6438BFFBA}.Release|x64.ActiveCfg = Release|Any CPU
		{4E88A128-31AD-4392-8DF2-87A6438BFFBA}.Release|x64.Build.0 = Release|Any CPU
		{43344DDA-336B-44AA-84D2-2EC7942EEC61}.Debug|Any CPU.ActiveCfg = Debug|Any CPU
		{43344DDA-336B-44AA-84D2-2EC7942EEC61}.Debug|Any CPU.Build.0 = Debug|Any CPU
		{43344DDA-336B-44AA-84D2-2EC7942EEC61}.Debug|x64.ActiveCfg = Debug|Any CPU
		{43344DDA-336B-44AA-84D2-2EC7942EEC61}.Debug|x64.Build.0 = Debug|Any CPU
		{43344DDA-336B-44AA-84D2-2EC7942EEC61}.Release|Any CPU.ActiveCfg = Release|Any CPU
		{43344DDA-336B-44AA-84D2-2EC7942EEC61}.Release|Any CPU.Build.0 = Release|Any CPU
		{43344DDA-336B-44AA-84D2-2EC7942EEC61}.Release|x64.ActiveCfg = Release|Any CPU
		{43344DDA-336B-44AA-84D2-2EC7942EEC61}.Release|x64.Build.0 = Release|Any CPU
		{FF8E3F81-53DF-42F2-A2B4-928864E16D7E}.Debug|Any CPU.ActiveCfg = Debug|Any CPU
		{FF8E3F81-53DF-42F2-A2B4-928864E16D7E}.Debug|Any CPU.Build.0 = Debug|Any CPU
		{FF8E3F81-53DF-42F2-A2B4-928864E16D7E}.Debug|x64.ActiveCfg = Debug|Any CPU
		{FF8E3F81-53DF-42F2-A2B4-928864E16D7E}.Debug|x64.Build.0 = Debug|Any CPU
		{FF8E3F81-53DF-42F2-A2B4-928864E16D7E}.Release|Any CPU.ActiveCfg = Release|Any CPU
		{FF8E3F81-53DF-42F2-A2B4-928864E16D7E}.Release|Any CPU.Build.0 = Release|Any CPU
		{FF8E3F81-53DF-42F2-A2B4-928864E16D7E}.Release|x64.ActiveCfg = Release|Any CPU
		{FF8E3F81-53DF-42F2-A2B4-928864E16D7E}.Release|x64.Build.0 = Release|Any CPU
		{109B3CEE-66E9-4504-B27D-E6D6408B02C2}.Debug|Any CPU.ActiveCfg = Debug|Any CPU
		{109B3CEE-66E9-4504-B27D-E6D6408B02C2}.Debug|Any CPU.Build.0 = Debug|Any CPU
		{109B3CEE-66E9-4504-B27D-E6D6408B02C2}.Debug|x64.ActiveCfg = Debug|Any CPU
		{109B3CEE-66E9-4504-B27D-E6D6408B02C2}.Debug|x64.Build.0 = Debug|Any CPU
		{109B3CEE-66E9-4504-B27D-E6D6408B02C2}.Release|Any CPU.ActiveCfg = Release|Any CPU
		{109B3CEE-66E9-4504-B27D-E6D6408B02C2}.Release|Any CPU.Build.0 = Release|Any CPU
		{109B3CEE-66E9-4504-B27D-E6D6408B02C2}.Release|x64.ActiveCfg = Release|Any CPU
		{109B3CEE-66E9-4504-B27D-E6D6408B02C2}.Release|x64.Build.0 = Release|Any CPU
	EndGlobalSection
	GlobalSection(SolutionProperties) = preSolution
		HideSolutionNode = FALSE
	EndGlobalSection
	GlobalSection(ExtensibilityGlobals) = postSolution
		SolutionGuid = {2073C33D-31BA-4931-8DBE-5925903E9E74}
	EndGlobalSection
EndGlobal
